<?xml version="1.0" encoding="UTF-8"?>
<!DOCTYPE plist PUBLIC "-//Apple//DTD PLIST 1.0//EN" "http://www.apple.com/DTDs/PropertyList-1.0.dtd">
<plist version="1.0">
<dict>
	<key>archiveVersion</key>
	<string>1</string>
	<key>classes</key>
	<dict/>
	<key>objectVersion</key>
	<string>46</string>
	<key>objects</key>
	<dict>
		<key>00E4810FCF0CF63B57F6D61B</key>
		<dict>
			<key>buildActionMask</key>
			<string>2147483647</string>
			<key>files</key>
			<array/>
			<key>inputPaths</key>
			<array/>
			<key>isa</key>
			<string>PBXShellScriptBuildPhase</string>
			<key>name</key>
			<string>Copy Pods Resources</string>
			<key>outputPaths</key>
			<array/>
			<key>runOnlyForDeploymentPostprocessing</key>
			<string>0</string>
			<key>shellPath</key>
			<string>/bin/sh</string>
			<key>shellScript</key>
			<string>"${SRCROOT}/Pods/Target Support Files/Pods-Scalable Tablet PAR/Pods-Scalable Tablet PAR-resources.sh"
</string>
			<key>showEnvVarsInLog</key>
			<string>0</string>
		</dict>
		<key>21070DC146E97F2423D8DD3B</key>
		<dict>
			<key>children</key>
			<array>
				<string>F62826D23762D189CEF141DE</string>
				<string>E6EF7BD031B2C06712F315A5</string>
			</array>
			<key>isa</key>
			<string>PBXGroup</string>
			<key>name</key>
			<string>Pods</string>
			<key>sourceTree</key>
			<string>&lt;group&gt;</string>
		</dict>
		<key>3ECF9DCAA398B474677B79CE</key>
		<dict>
			<key>explicitFileType</key>
			<string>archive.ar</string>
			<key>includeInIndex</key>
			<string>0</string>
			<key>isa</key>
			<string>PBXFileReference</string>
			<key>path</key>
			<string>libPods-Scalable Tablet PAR.a</string>
			<key>sourceTree</key>
			<string>BUILT_PRODUCTS_DIR</string>
		</dict>
		<key>62C00C351A9EC63F00979A05</key>
		<dict>
			<key>children</key>
			<array>
				<string>62C00C361A9EC66700979A05</string>
				<string>CFC402771AAC86930094ED83</string>
				<string>CFC402781AAC86930094ED83</string>
			</array>
			<key>isa</key>
			<string>PBXGroup</string>
			<key>name</key>
			<string>Issue</string>
			<key>sourceTree</key>
			<string>&lt;group&gt;</string>
		</dict>
		<key>62C00C361A9EC66700979A05</key>
		<dict>
			<key>fileEncoding</key>
			<string>4</string>
			<key>isa</key>
			<string>PBXFileReference</string>
			<key>lastKnownFileType</key>
			<string>file.xib</string>
			<key>path</key>
			<string>IssueCover.xib</string>
			<key>sourceTree</key>
			<string>&lt;group&gt;</string>
		</dict>
		<key>62C00C371A9EC66700979A05</key>
		<dict>
			<key>fileRef</key>
			<string>62C00C361A9EC66700979A05</string>
			<key>isa</key>
			<string>PBXBuildFile</string>
		</dict>
		<key>62C00C381A9EC8A000979A05</key>
		<dict>
			<key>fileEncoding</key>
			<string>4</string>
			<key>isa</key>
			<string>PBXFileReference</string>
			<key>lastKnownFileType</key>
			<string>sourcecode.c.h</string>
			<key>path</key>
			<string>VolumeCover.h</string>
			<key>sourceTree</key>
			<string>&lt;group&gt;</string>
		</dict>
		<key>62C00C391A9EC8A000979A05</key>
		<dict>
			<key>fileEncoding</key>
			<string>4</string>
			<key>isa</key>
			<string>PBXFileReference</string>
			<key>lastKnownFileType</key>
			<string>sourcecode.c.objc</string>
			<key>path</key>
			<string>VolumeCover.m</string>
			<key>sourceTree</key>
			<string>&lt;group&gt;</string>
		</dict>
		<key>62C00C3A1A9EC8A000979A05</key>
		<dict>
			<key>fileRef</key>
			<string>62C00C391A9EC8A000979A05</string>
			<key>isa</key>
			<string>PBXBuildFile</string>
		</dict>
		<key>62C14C101AA01F9800ADCE3D</key>
		<dict>
			<key>children</key>
			<array>
				<string>CFC7628B1AAD49B30072B1D6</string>
				<string>CFC7628D1AAD4A950072B1D6</string>
				<string>CFC7628E1AAD4A950072B1D6</string>
				<string>CFC762901AAD4B4E0072B1D6</string>
				<string>CFC762911AAD4B4E0072B1D6</string>
			</array>
			<key>isa</key>
			<string>PBXGroup</string>
			<key>name</key>
			<string>Volume</string>
			<key>sourceTree</key>
			<string>&lt;group&gt;</string>
		</dict>
		<key>62C14C111AA01FFF00ADCE3D</key>
		<dict>
			<key>fileEncoding</key>
			<string>4</string>
			<key>isa</key>
			<string>PBXFileReference</string>
			<key>lastKnownFileType</key>
			<string>sourcecode.c.h</string>
			<key>path</key>
			<string>VolumeViewController.h</string>
			<key>sourceTree</key>
			<string>&lt;group&gt;</string>
		</dict>
		<key>62C14C121AA01FFF00ADCE3D</key>
		<dict>
			<key>fileEncoding</key>
			<string>4</string>
			<key>isa</key>
			<string>PBXFileReference</string>
			<key>lastKnownFileType</key>
			<string>sourcecode.c.objc</string>
			<key>path</key>
			<string>VolumeViewController.m</string>
			<key>sourceTree</key>
			<string>&lt;group&gt;</string>
		</dict>
		<key>62C14C131AA01FFF00ADCE3D</key>
		<dict>
			<key>fileRef</key>
			<string>62C14C121AA01FFF00ADCE3D</string>
			<key>isa</key>
			<string>PBXBuildFile</string>
		</dict>
		<key>62C14C141AA0405000ADCE3D</key>
		<dict>
			<key>fileEncoding</key>
			<string>4</string>
			<key>isa</key>
			<string>PBXFileReference</string>
			<key>lastKnownFileType</key>
			<string>sourcecode.c.h</string>
			<key>path</key>
			<string>VolumeCellTableViewCell.h</string>
			<key>sourceTree</key>
			<string>&lt;group&gt;</string>
		</dict>
		<key>62C14C151AA0405000ADCE3D</key>
		<dict>
			<key>fileEncoding</key>
			<string>4</string>
			<key>isa</key>
			<string>PBXFileReference</string>
			<key>lastKnownFileType</key>
			<string>sourcecode.c.objc</string>
			<key>path</key>
			<string>VolumeCellTableViewCell.m</string>
			<key>sourceTree</key>
			<string>&lt;group&gt;</string>
		</dict>
		<key>62C14C161AA0405000ADCE3D</key>
		<dict>
			<key>fileRef</key>
			<string>62C14C151AA0405000ADCE3D</string>
			<key>isa</key>
			<string>PBXBuildFile</string>
		</dict>
		<key>62C4A59B1A97126F00F70F6D</key>
		<dict>
			<key>children</key>
			<array>
				<string>62C4A5A61A97126F00F70F6D</string>
				<string>62C4A5C31A97126F00F70F6D</string>
				<string>62C4A5A51A97126F00F70F6D</string>
				<string>21070DC146E97F2423D8DD3B</string>
				<string>6E2122AB047FC8E5765BFFFF</string>
			</array>
			<key>isa</key>
			<string>PBXGroup</string>
			<key>sourceTree</key>
			<string>&lt;group&gt;</string>
		</dict>
		<key>62C4A59C1A97126F00F70F6D</key>
		<dict>
			<key>attributes</key>
			<dict>
				<key>LastUpgradeCheck</key>
				<string>0610</string>
				<key>ORGANIZATIONNAME</key>
				<string>Cambridge University Press</string>
				<key>TargetAttributes</key>
				<dict>
					<key>62C4A5A31A97126F00F70F6D</key>
					<dict>
						<key>CreatedOnToolsVersion</key>
						<string>6.1</string>
					</dict>
					<key>62C4A5BF1A97126F00F70F6D</key>
					<dict>
						<key>CreatedOnToolsVersion</key>
						<string>6.1</string>
						<key>TestTargetID</key>
						<string>62C4A5A31A97126F00F70F6D</string>
					</dict>
				</dict>
			</dict>
			<key>buildConfigurationList</key>
			<string>62C4A59F1A97126F00F70F6D</string>
			<key>compatibilityVersion</key>
			<string>Xcode 3.2</string>
			<key>developmentRegion</key>
			<string>English</string>
			<key>hasScannedForEncodings</key>
			<string>0</string>
			<key>isa</key>
			<string>PBXProject</string>
			<key>knownRegions</key>
			<array>
				<string>en</string>
				<string>Base</string>
			</array>
			<key>mainGroup</key>
			<string>62C4A59B1A97126F00F70F6D</string>
			<key>productRefGroup</key>
			<string>62C4A5A51A97126F00F70F6D</string>
			<key>projectDirPath</key>
			<string></string>
			<key>projectReferences</key>
			<array/>
			<key>projectRoot</key>
			<string></string>
			<key>targets</key>
			<array>
				<string>62C4A5A31A97126F00F70F6D</string>
				<string>62C4A5BF1A97126F00F70F6D</string>
			</array>
		</dict>
		<key>62C4A59F1A97126F00F70F6D</key>
		<dict>
			<key>buildConfigurations</key>
			<array>
				<string>62C4A5C81A97127000F70F6D</string>
				<string>62C4A5C91A97127000F70F6D</string>
			</array>
			<key>defaultConfigurationIsVisible</key>
			<string>0</string>
			<key>defaultConfigurationName</key>
			<string>Release</string>
			<key>isa</key>
			<string>XCConfigurationList</string>
		</dict>
		<key>62C4A5A01A97126F00F70F6D</key>
		<dict>
			<key>buildActionMask</key>
			<string>2147483647</string>
			<key>files</key>
			<array>
				<string>62C14C131AA01FFF00ADCE3D</string>
				<string>CFC402791AAC86930094ED83</string>
				<string>62C4A5AD1A97126F00F70F6D</string>
				<string>62C00C3A1A9EC8A000979A05</string>
				<string>62C4A5D71A97315C00F70F6D</string>
				<string>62E9978A1AA4626600D8AD22</string>
				<string>62E997871AA4619000D8AD22</string>
				<string>62E997801AA45CC400D8AD22</string>
				<string>62C4A5AA1A97126F00F70F6D</string>
				<string>62E997831AA45CD300D8AD22</string>
				<string>62C4A5DA1A9731C400F70F6D</string>
				<string>62C4A5B31A97126F00F70F6D</string>
				<string>CF0928631AA9B2CF0061927C</string>
				<string>62C14C161AA0405000ADCE3D</string>
				<string>CFC762921AAD4B4E0072B1D6</string>
				<string>62C4A5B01A97126F00F70F6D</string>
				<string>CFC7628F1AAD4A950072B1D6</string>
			</array>
			<key>isa</key>
			<string>PBXSourcesBuildPhase</string>
			<key>runOnlyForDeploymentPostprocessing</key>
			<string>0</string>
		</dict>
		<key>62C4A5A11A97126F00F70F6D</key>
		<dict>
			<key>buildActionMask</key>
			<string>2147483647</string>
			<key>files</key>
			<array>
				<string>96C6ABED8CA6DC3217F26992</string>
			</array>
			<key>isa</key>
			<string>PBXFrameworksBuildPhase</string>
			<key>runOnlyForDeploymentPostprocessing</key>
			<string>0</string>
		</dict>
		<key>62C4A5A21A97126F00F70F6D</key>
		<dict>
			<key>buildActionMask</key>
			<string>2147483647</string>
			<key>files</key>
			<array>
				<string>62C4A5B61A97126F00F70F6D</string>
				<string>62C4A5BB1A97126F00F70F6D</string>
				<string>62C4A5D21A97138200F70F6D</string>
				<string>CF75FD721AAD75CB00BBB79D</string>
				<string>62D5F48E1AA8114000233B5E</string>
				<string>62E997921AA4687500D8AD22</string>
				<string>CF09286E1AA9B8AD0061927C</string>
				<string>CFC7628C1AAD49B30072B1D6</string>
				<string>CF0928601AA9AE750061927C</string>
				<string>62E997931AA4687500D8AD22</string>
				<string>CF09285F1AA9AE750061927C</string>
				<string>CF09285E1AA9AE750061927C</string>
				<string>62E997941AA4687500D8AD22</string>
				<string>62E997961AA4687500D8AD22</string>
				<string>62C00C371A9EC66700979A05</string>
				<string>62E997951AA4687500D8AD22</string>
				<string>CF09285D1AA9AE750061927C</string>
				<string>62C4A5D41A97307E00F70F6D</string>
				<string>62C4A5B81A97126F00F70F6D</string>
				<string>CF09286C1AA9B89F0061927C</string>
			</array>
			<key>isa</key>
			<string>PBXResourcesBuildPhase</string>
			<key>runOnlyForDeploymentPostprocessing</key>
			<string>0</string>
		</dict>
		<key>62C4A5A31A97126F00F70F6D</key>
		<dict>
			<key>buildConfigurationList</key>
			<string>62C4A5CA1A97127000F70F6D</string>
			<key>buildPhases</key>
			<array>
				<string>AADD256088815F895A1B2F89</string>
				<string>62C4A5A01A97126F00F70F6D</string>
				<string>62C4A5A11A97126F00F70F6D</string>
				<string>62C4A5A21A97126F00F70F6D</string>
				<string>00E4810FCF0CF63B57F6D61B</string>
			</array>
			<key>buildRules</key>
			<array/>
			<key>dependencies</key>
			<array/>
			<key>isa</key>
			<string>PBXNativeTarget</string>
			<key>name</key>
			<string>Scalable Tablet PAR</string>
			<key>productName</key>
			<string>Scalable Tablet PAR</string>
			<key>productReference</key>
			<string>62C4A5A41A97126F00F70F6D</string>
			<key>productType</key>
			<string>com.apple.product-type.application</string>
		</dict>
		<key>62C4A5A41A97126F00F70F6D</key>
		<dict>
			<key>explicitFileType</key>
			<string>wrapper.application</string>
			<key>includeInIndex</key>
			<string>0</string>
			<key>isa</key>
			<string>PBXFileReference</string>
			<key>path</key>
			<string>Scalable Tablet PAR.app</string>
			<key>sourceTree</key>
			<string>BUILT_PRODUCTS_DIR</string>
		</dict>
		<key>62C4A5A51A97126F00F70F6D</key>
		<dict>
			<key>children</key>
			<array>
				<string>62C4A5A41A97126F00F70F6D</string>
				<string>62C4A5C01A97126F00F70F6D</string>
			</array>
			<key>isa</key>
			<string>PBXGroup</string>
			<key>name</key>
			<string>Products</string>
			<key>sourceTree</key>
			<string>&lt;group&gt;</string>
		</dict>
		<key>62C4A5A61A97126F00F70F6D</key>
		<dict>
			<key>children</key>
			<array>
				<string>CF0928611AA9B2CF0061927C</string>
				<string>CF0928621AA9B2CF0061927C</string>
				<string>CF75FD701AAD6F8E00BBB79D</string>
				<string>62D5F48C1AA80F1400233B5E</string>
				<string>62C14C101AA01F9800ADCE3D</string>
				<string>62C00C351A9EC63F00979A05</string>
				<string>62C4A5AB1A97126F00F70F6D</string>
				<string>62C4A5AC1A97126F00F70F6D</string>
				<string>62C4A5D81A9731C400F70F6D</string>
				<string>62C4A5D91A9731C400F70F6D</string>
				<string>62C4A5B11A97126F00F70F6D</string>
				<string>62E997851AA4619000D8AD22</string>
				<string>62E997861AA4619000D8AD22</string>
				<string>62C4A5B21A97126F00F70F6D</string>
				<string>62C4A5B41A97126F00F70F6D</string>
				<string>62E9978D1AA4687500D8AD22</string>
				<string>62E9978E1AA4687500D8AD22</string>
				<string>62E9978F1AA4687500D8AD22</string>
				<string>62E997901AA4687500D8AD22</string>
				<string>62E997911AA4687500D8AD22</string>
				<string>62C4A5B71A97126F00F70F6D</string>
				<string>62C4A5B91A97126F00F70F6D</string>
				<string>62C4A5AE1A97126F00F70F6D</string>
				<string>62C4A5A71A97126F00F70F6D</string>
			</array>
			<key>isa</key>
			<string>PBXGroup</string>
			<key>path</key>
			<string>Scalable Tablet PAR</string>
			<key>sourceTree</key>
			<string>&lt;group&gt;</string>
		</dict>
		<key>62C4A5A71A97126F00F70F6D</key>
		<dict>
			<key>children</key>
			<array>
				<string>62C4A5D01A97137800F70F6D</string>
				<string>62C4A5A81A97126F00F70F6D</string>
				<string>62C4A5A91A97126F00F70F6D</string>
			</array>
			<key>isa</key>
			<string>PBXGroup</string>
			<key>name</key>
			<string>Supporting Files</string>
			<key>sourceTree</key>
			<string>&lt;group&gt;</string>
		</dict>
		<key>62C4A5A81A97126F00F70F6D</key>
		<dict>
			<key>isa</key>
			<string>PBXFileReference</string>
			<key>lastKnownFileType</key>
			<string>text.plist.xml</string>
			<key>path</key>
			<string>Info.plist</string>
			<key>sourceTree</key>
			<string>&lt;group&gt;</string>
		</dict>
		<key>62C4A5A91A97126F00F70F6D</key>
		<dict>
			<key>isa</key>
			<string>PBXFileReference</string>
			<key>lastKnownFileType</key>
			<string>sourcecode.c.objc</string>
			<key>path</key>
			<string>main.m</string>
			<key>sourceTree</key>
			<string>&lt;group&gt;</string>
		</dict>
		<key>62C4A5AA1A97126F00F70F6D</key>
		<dict>
			<key>fileRef</key>
			<string>62C4A5A91A97126F00F70F6D</string>
			<key>isa</key>
			<string>PBXBuildFile</string>
		</dict>
		<key>62C4A5AB1A97126F00F70F6D</key>
		<dict>
			<key>isa</key>
			<string>PBXFileReference</string>
			<key>lastKnownFileType</key>
			<string>sourcecode.c.h</string>
			<key>path</key>
			<string>AppDelegate.h</string>
			<key>sourceTree</key>
			<string>&lt;group&gt;</string>
		</dict>
		<key>62C4A5AC1A97126F00F70F6D</key>
		<dict>
			<key>isa</key>
			<string>PBXFileReference</string>
			<key>lastKnownFileType</key>
			<string>sourcecode.c.objc</string>
			<key>path</key>
			<string>AppDelegate.m</string>
			<key>sourceTree</key>
			<string>&lt;group&gt;</string>
		</dict>
		<key>62C4A5AD1A97126F00F70F6D</key>
		<dict>
			<key>fileRef</key>
			<string>62C4A5AC1A97126F00F70F6D</string>
			<key>isa</key>
			<string>PBXBuildFile</string>
		</dict>
		<key>62C4A5AE1A97126F00F70F6D</key>
		<dict>
			<key>children</key>
			<array>
				<string>62C4A5AF1A97126F00F70F6D</string>
			</array>
			<key>currentVersion</key>
			<string>62C4A5AF1A97126F00F70F6D</string>
			<key>isa</key>
			<string>XCVersionGroup</string>
			<key>path</key>
			<string>Scalable_Tablet_PAR.xcdatamodeld</string>
			<key>sourceTree</key>
			<string>&lt;group&gt;</string>
			<key>versionGroupType</key>
			<string>wrapper.xcdatamodel</string>
		</dict>
		<key>62C4A5AF1A97126F00F70F6D</key>
		<dict>
			<key>isa</key>
			<string>PBXFileReference</string>
			<key>lastKnownFileType</key>
			<string>wrapper.xcdatamodel</string>
			<key>path</key>
			<string>Scalable_Tablet_PAR.xcdatamodel</string>
			<key>sourceTree</key>
			<string>&lt;group&gt;</string>
		</dict>
		<key>62C4A5B01A97126F00F70F6D</key>
		<dict>
			<key>fileRef</key>
			<string>62C4A5AE1A97126F00F70F6D</string>
			<key>isa</key>
			<string>PBXBuildFile</string>
		</dict>
		<key>62C4A5B11A97126F00F70F6D</key>
		<dict>
			<key>isa</key>
			<string>PBXFileReference</string>
			<key>lastKnownFileType</key>
			<string>sourcecode.c.h</string>
			<key>path</key>
			<string>ViewController.h</string>
			<key>sourceTree</key>
			<string>&lt;group&gt;</string>
		</dict>
		<key>62C4A5B21A97126F00F70F6D</key>
		<dict>
			<key>isa</key>
			<string>PBXFileReference</string>
			<key>lastKnownFileType</key>
			<string>sourcecode.c.objc</string>
			<key>path</key>
			<string>ViewController.m</string>
			<key>sourceTree</key>
			<string>&lt;group&gt;</string>
		</dict>
		<key>62C4A5B31A97126F00F70F6D</key>
		<dict>
			<key>fileRef</key>
			<string>62C4A5B21A97126F00F70F6D</string>
			<key>isa</key>
			<string>PBXBuildFile</string>
		</dict>
		<key>62C4A5B41A97126F00F70F6D</key>
		<dict>
			<key>children</key>
			<array>
				<string>62C4A5B51A97126F00F70F6D</string>
			</array>
			<key>isa</key>
			<string>PBXVariantGroup</string>
			<key>name</key>
			<string>Main.storyboard</string>
			<key>sourceTree</key>
			<string>&lt;group&gt;</string>
		</dict>
		<key>62C4A5B51A97126F00F70F6D</key>
		<dict>
			<key>isa</key>
			<string>PBXFileReference</string>
			<key>lastKnownFileType</key>
			<string>file.storyboard</string>
			<key>name</key>
			<string>Base</string>
			<key>path</key>
			<string>Base.lproj/Main.storyboard</string>
			<key>sourceTree</key>
			<string>&lt;group&gt;</string>
		</dict>
		<key>62C4A5B61A97126F00F70F6D</key>
		<dict>
			<key>fileRef</key>
			<string>62C4A5B41A97126F00F70F6D</string>
			<key>isa</key>
			<string>PBXBuildFile</string>
		</dict>
		<key>62C4A5B71A97126F00F70F6D</key>
		<dict>
			<key>isa</key>
			<string>PBXFileReference</string>
			<key>lastKnownFileType</key>
			<string>folder.assetcatalog</string>
			<key>path</key>
			<string>Images.xcassets</string>
			<key>sourceTree</key>
			<string>&lt;group&gt;</string>
		</dict>
		<key>62C4A5B81A97126F00F70F6D</key>
		<dict>
			<key>fileRef</key>
			<string>62C4A5B71A97126F00F70F6D</string>
			<key>isa</key>
			<string>PBXBuildFile</string>
		</dict>
		<key>62C4A5B91A97126F00F70F6D</key>
		<dict>
			<key>children</key>
			<array>
				<string>62C4A5BA1A97126F00F70F6D</string>
			</array>
			<key>isa</key>
			<string>PBXVariantGroup</string>
			<key>name</key>
			<string>LaunchScreen.xib</string>
			<key>sourceTree</key>
			<string>&lt;group&gt;</string>
		</dict>
		<key>62C4A5BA1A97126F00F70F6D</key>
		<dict>
			<key>isa</key>
			<string>PBXFileReference</string>
			<key>lastKnownFileType</key>
			<string>file.xib</string>
			<key>name</key>
			<string>Base</string>
			<key>path</key>
			<string>Base.lproj/LaunchScreen.xib</string>
			<key>sourceTree</key>
			<string>&lt;group&gt;</string>
		</dict>
		<key>62C4A5BB1A97126F00F70F6D</key>
		<dict>
			<key>fileRef</key>
			<string>62C4A5B91A97126F00F70F6D</string>
			<key>isa</key>
			<string>PBXBuildFile</string>
		</dict>
		<key>62C4A5BC1A97126F00F70F6D</key>
		<dict>
			<key>buildActionMask</key>
			<string>2147483647</string>
			<key>files</key>
			<array>
				<string>62C4A5C71A97127000F70F6D</string>
			</array>
			<key>isa</key>
			<string>PBXSourcesBuildPhase</string>
			<key>runOnlyForDeploymentPostprocessing</key>
			<string>0</string>
		</dict>
		<key>62C4A5BD1A97126F00F70F6D</key>
		<dict>
			<key>buildActionMask</key>
			<string>2147483647</string>
			<key>files</key>
			<array/>
			<key>isa</key>
			<string>PBXFrameworksBuildPhase</string>
			<key>runOnlyForDeploymentPostprocessing</key>
			<string>0</string>
		</dict>
		<key>62C4A5BE1A97126F00F70F6D</key>
		<dict>
			<key>buildActionMask</key>
			<string>2147483647</string>
			<key>files</key>
			<array/>
			<key>isa</key>
			<string>PBXResourcesBuildPhase</string>
			<key>runOnlyForDeploymentPostprocessing</key>
			<string>0</string>
		</dict>
		<key>62C4A5BF1A97126F00F70F6D</key>
		<dict>
			<key>buildConfigurationList</key>
			<string>62C4A5CD1A97127000F70F6D</string>
			<key>buildPhases</key>
			<array>
				<string>62C4A5BC1A97126F00F70F6D</string>
				<string>62C4A5BD1A97126F00F70F6D</string>
				<string>62C4A5BE1A97126F00F70F6D</string>
			</array>
			<key>buildRules</key>
			<array/>
			<key>dependencies</key>
			<array>
				<string>62C4A5C21A97126F00F70F6D</string>
			</array>
			<key>isa</key>
			<string>PBXNativeTarget</string>
			<key>name</key>
			<string>Scalable Tablet PARTests</string>
			<key>productName</key>
			<string>Scalable Tablet PARTests</string>
			<key>productReference</key>
			<string>62C4A5C01A97126F00F70F6D</string>
			<key>productType</key>
			<string>com.apple.product-type.bundle.unit-test</string>
		</dict>
		<key>62C4A5C01A97126F00F70F6D</key>
		<dict>
			<key>explicitFileType</key>
			<string>wrapper.cfbundle</string>
			<key>includeInIndex</key>
			<string>0</string>
			<key>isa</key>
			<string>PBXFileReference</string>
			<key>path</key>
			<string>Scalable Tablet PARTests.xctest</string>
			<key>sourceTree</key>
			<string>BUILT_PRODUCTS_DIR</string>
		</dict>
		<key>62C4A5C11A97126F00F70F6D</key>
		<dict>
			<key>containerPortal</key>
			<string>62C4A59C1A97126F00F70F6D</string>
			<key>isa</key>
			<string>PBXContainerItemProxy</string>
			<key>proxyType</key>
			<string>1</string>
			<key>remoteGlobalIDString</key>
			<string>62C4A5A31A97126F00F70F6D</string>
			<key>remoteInfo</key>
			<string>Scalable Tablet PAR</string>
		</dict>
		<key>62C4A5C21A97126F00F70F6D</key>
		<dict>
			<key>isa</key>
			<string>PBXTargetDependency</string>
			<key>target</key>
			<string>62C4A5A31A97126F00F70F6D</string>
			<key>targetProxy</key>
			<string>62C4A5C11A97126F00F70F6D</string>
		</dict>
		<key>62C4A5C31A97126F00F70F6D</key>
		<dict>
			<key>children</key>
			<array>
				<string>62C4A5C61A97127000F70F6D</string>
				<string>62C4A5C41A97126F00F70F6D</string>
			</array>
			<key>isa</key>
			<string>PBXGroup</string>
			<key>path</key>
			<string>Scalable Tablet PARTests</string>
			<key>sourceTree</key>
			<string>&lt;group&gt;</string>
		</dict>
		<key>62C4A5C41A97126F00F70F6D</key>
		<dict>
			<key>children</key>
			<array>
				<string>62C4A5C51A97126F00F70F6D</string>
			</array>
			<key>isa</key>
			<string>PBXGroup</string>
			<key>name</key>
			<string>Supporting Files</string>
			<key>sourceTree</key>
			<string>&lt;group&gt;</string>
		</dict>
		<key>62C4A5C51A97126F00F70F6D</key>
		<dict>
			<key>isa</key>
			<string>PBXFileReference</string>
			<key>lastKnownFileType</key>
			<string>text.plist.xml</string>
			<key>path</key>
			<string>Info.plist</string>
			<key>sourceTree</key>
			<string>&lt;group&gt;</string>
		</dict>
		<key>62C4A5C61A97127000F70F6D</key>
		<dict>
			<key>isa</key>
			<string>PBXFileReference</string>
			<key>lastKnownFileType</key>
			<string>sourcecode.c.objc</string>
			<key>path</key>
			<string>Scalable_Tablet_PARTests.m</string>
			<key>sourceTree</key>
			<string>&lt;group&gt;</string>
		</dict>
		<key>62C4A5C71A97127000F70F6D</key>
		<dict>
			<key>fileRef</key>
			<string>62C4A5C61A97127000F70F6D</string>
			<key>isa</key>
			<string>PBXBuildFile</string>
		</dict>
		<key>62C4A5C81A97127000F70F6D</key>
		<dict>
			<key>buildSettings</key>
			<dict>
				<key>ALWAYS_SEARCH_USER_PATHS</key>
				<string>NO</string>
				<key>CLANG_CXX_LANGUAGE_STANDARD</key>
				<string>gnu++0x</string>
				<key>CLANG_CXX_LIBRARY</key>
				<string>libc++</string>
				<key>CLANG_ENABLE_MODULES</key>
				<string>YES</string>
				<key>CLANG_ENABLE_OBJC_ARC</key>
				<string>YES</string>
				<key>CLANG_WARN_BOOL_CONVERSION</key>
				<string>YES</string>
				<key>CLANG_WARN_CONSTANT_CONVERSION</key>
				<string>YES</string>
				<key>CLANG_WARN_DIRECT_OBJC_ISA_USAGE</key>
				<string>YES_ERROR</string>
				<key>CLANG_WARN_EMPTY_BODY</key>
				<string>YES</string>
				<key>CLANG_WARN_ENUM_CONVERSION</key>
				<string>YES</string>
				<key>CLANG_WARN_INT_CONVERSION</key>
				<string>YES</string>
				<key>CLANG_WARN_OBJC_ROOT_CLASS</key>
				<string>YES_ERROR</string>
				<key>CLANG_WARN_UNREACHABLE_CODE</key>
				<string>YES</string>
				<key>CLANG_WARN__DUPLICATE_METHOD_MATCH</key>
				<string>YES</string>
				<key>CODE_SIGN_IDENTITY[sdk=iphoneos*]</key>
				<string>iPhone Developer</string>
				<key>COPY_PHASE_STRIP</key>
				<string>NO</string>
				<key>ENABLE_STRICT_OBJC_MSGSEND</key>
				<string>YES</string>
				<key>GCC_C_LANGUAGE_STANDARD</key>
				<string>gnu99</string>
				<key>GCC_DYNAMIC_NO_PIC</key>
				<string>NO</string>
				<key>GCC_OPTIMIZATION_LEVEL</key>
				<string>0</string>
				<key>GCC_PREPROCESSOR_DEFINITIONS</key>
				<array>
					<string>DEBUG=1</string>
					<string>$(inherited)</string>
				</array>
				<key>GCC_SYMBOLS_PRIVATE_EXTERN</key>
				<string>NO</string>
				<key>GCC_WARN_64_TO_32_BIT_CONVERSION</key>
				<string>YES</string>
				<key>GCC_WARN_ABOUT_RETURN_TYPE</key>
				<string>YES_ERROR</string>
				<key>GCC_WARN_UNDECLARED_SELECTOR</key>
				<string>YES</string>
				<key>GCC_WARN_UNINITIALIZED_AUTOS</key>
				<string>YES_AGGRESSIVE</string>
				<key>GCC_WARN_UNUSED_FUNCTION</key>
				<string>YES</string>
				<key>GCC_WARN_UNUSED_VARIABLE</key>
				<string>YES</string>
				<key>IPHONEOS_DEPLOYMENT_TARGET</key>
				<string>8.1</string>
				<key>MTL_ENABLE_DEBUG_INFO</key>
				<string>YES</string>
				<key>ONLY_ACTIVE_ARCH</key>
				<string>YES</string>
				<key>SDKROOT</key>
				<string>iphoneos</string>
				<key>TARGETED_DEVICE_FAMILY</key>
				<string>2</string>
			</dict>
			<key>isa</key>
			<string>XCBuildConfiguration</string>
			<key>name</key>
			<string>Debug</string>
		</dict>
		<key>62C4A5C91A97127000F70F6D</key>
		<dict>
			<key>buildSettings</key>
			<dict>
				<key>ALWAYS_SEARCH_USER_PATHS</key>
				<string>NO</string>
				<key>CLANG_CXX_LANGUAGE_STANDARD</key>
				<string>gnu++0x</string>
				<key>CLANG_CXX_LIBRARY</key>
				<string>libc++</string>
				<key>CLANG_ENABLE_MODULES</key>
				<string>YES</string>
				<key>CLANG_ENABLE_OBJC_ARC</key>
				<string>YES</string>
				<key>CLANG_WARN_BOOL_CONVERSION</key>
				<string>YES</string>
				<key>CLANG_WARN_CONSTANT_CONVERSION</key>
				<string>YES</string>
				<key>CLANG_WARN_DIRECT_OBJC_ISA_USAGE</key>
				<string>YES_ERROR</string>
				<key>CLANG_WARN_EMPTY_BODY</key>
				<string>YES</string>
				<key>CLANG_WARN_ENUM_CONVERSION</key>
				<string>YES</string>
				<key>CLANG_WARN_INT_CONVERSION</key>
				<string>YES</string>
				<key>CLANG_WARN_OBJC_ROOT_CLASS</key>
				<string>YES_ERROR</string>
				<key>CLANG_WARN_UNREACHABLE_CODE</key>
				<string>YES</string>
				<key>CLANG_WARN__DUPLICATE_METHOD_MATCH</key>
				<string>YES</string>
				<key>CODE_SIGN_IDENTITY[sdk=iphoneos*]</key>
				<string>iPhone Developer</string>
				<key>COPY_PHASE_STRIP</key>
				<string>YES</string>
				<key>ENABLE_NS_ASSERTIONS</key>
				<string>NO</string>
				<key>ENABLE_STRICT_OBJC_MSGSEND</key>
				<string>YES</string>
				<key>GCC_C_LANGUAGE_STANDARD</key>
				<string>gnu99</string>
				<key>GCC_WARN_64_TO_32_BIT_CONVERSION</key>
				<string>YES</string>
				<key>GCC_WARN_ABOUT_RETURN_TYPE</key>
				<string>YES_ERROR</string>
				<key>GCC_WARN_UNDECLARED_SELECTOR</key>
				<string>YES</string>
				<key>GCC_WARN_UNINITIALIZED_AUTOS</key>
				<string>YES_AGGRESSIVE</string>
				<key>GCC_WARN_UNUSED_FUNCTION</key>
				<string>YES</string>
				<key>GCC_WARN_UNUSED_VARIABLE</key>
				<string>YES</string>
				<key>IPHONEOS_DEPLOYMENT_TARGET</key>
				<string>8.1</string>
				<key>MTL_ENABLE_DEBUG_INFO</key>
				<string>NO</string>
				<key>SDKROOT</key>
				<string>iphoneos</string>
				<key>TARGETED_DEVICE_FAMILY</key>
				<string>2</string>
				<key>VALIDATE_PRODUCT</key>
				<string>YES</string>
			</dict>
			<key>isa</key>
			<string>XCBuildConfiguration</string>
			<key>name</key>
			<string>Release</string>
		</dict>
		<key>62C4A5CA1A97127000F70F6D</key>
		<dict>
			<key>buildConfigurations</key>
			<array>
				<string>62C4A5CB1A97127000F70F6D</string>
				<string>62C4A5CC1A97127000F70F6D</string>
			</array>
			<key>defaultConfigurationIsVisible</key>
			<string>0</string>
			<key>defaultConfigurationName</key>
			<string>Release</string>
			<key>isa</key>
			<string>XCConfigurationList</string>
		</dict>
		<key>62C4A5CB1A97127000F70F6D</key>
		<dict>
			<key>baseConfigurationReference</key>
			<string>F62826D23762D189CEF141DE</string>
			<key>buildSettings</key>
			<dict>
				<key>ASSETCATALOG_COMPILER_APPICON_NAME</key>
				<string>AppIcon</string>
				<key>INFOPLIST_FILE</key>
				<string>Scalable Tablet PAR/Info.plist</string>
				<key>LD_RUNPATH_SEARCH_PATHS</key>
				<string>$(inherited) @executable_path/Frameworks</string>
				<key>PRODUCT_NAME</key>
				<string>$(TARGET_NAME)</string>
			</dict>
			<key>isa</key>
			<string>XCBuildConfiguration</string>
			<key>name</key>
			<string>Debug</string>
		</dict>
		<key>62C4A5CC1A97127000F70F6D</key>
		<dict>
			<key>baseConfigurationReference</key>
			<string>E6EF7BD031B2C06712F315A5</string>
			<key>buildSettings</key>
			<dict>
				<key>ASSETCATALOG_COMPILER_APPICON_NAME</key>
				<string>AppIcon</string>
				<key>INFOPLIST_FILE</key>
				<string>Scalable Tablet PAR/Info.plist</string>
				<key>LD_RUNPATH_SEARCH_PATHS</key>
				<string>$(inherited) @executable_path/Frameworks</string>
				<key>PRODUCT_NAME</key>
				<string>$(TARGET_NAME)</string>
			</dict>
			<key>isa</key>
			<string>XCBuildConfiguration</string>
			<key>name</key>
			<string>Release</string>
		</dict>
		<key>62C4A5CD1A97127000F70F6D</key>
		<dict>
			<key>buildConfigurations</key>
			<array>
				<string>62C4A5CE1A97127000F70F6D</string>
				<string>62C4A5CF1A97127000F70F6D</string>
			</array>
			<key>defaultConfigurationIsVisible</key>
			<string>0</string>
			<key>defaultConfigurationName</key>
			<string>Release</string>
			<key>isa</key>
			<string>XCConfigurationList</string>
		</dict>
		<key>62C4A5CE1A97127000F70F6D</key>
		<dict>
			<key>buildSettings</key>
			<dict>
				<key>BUNDLE_LOADER</key>
				<string>$(TEST_HOST)</string>
				<key>FRAMEWORK_SEARCH_PATHS</key>
				<array>
					<string>$(SDKROOT)/Developer/Library/Frameworks</string>
					<string>$(inherited)</string>
				</array>
				<key>GCC_PREPROCESSOR_DEFINITIONS</key>
				<array>
					<string>DEBUG=1</string>
					<string>$(inherited)</string>
				</array>
				<key>INFOPLIST_FILE</key>
				<string>Scalable Tablet PARTests/Info.plist</string>
				<key>LD_RUNPATH_SEARCH_PATHS</key>
				<string>$(inherited) @executable_path/Frameworks @loader_path/Frameworks</string>
				<key>PRODUCT_NAME</key>
				<string>$(TARGET_NAME)</string>
				<key>TEST_HOST</key>
				<string>$(BUILT_PRODUCTS_DIR)/Scalable Tablet PAR.app/Scalable Tablet PAR</string>
			</dict>
			<key>isa</key>
			<string>XCBuildConfiguration</string>
			<key>name</key>
			<string>Debug</string>
		</dict>
		<key>62C4A5CF1A97127000F70F6D</key>
		<dict>
			<key>buildSettings</key>
			<dict>
				<key>BUNDLE_LOADER</key>
				<string>$(TEST_HOST)</string>
				<key>FRAMEWORK_SEARCH_PATHS</key>
				<array>
					<string>$(SDKROOT)/Developer/Library/Frameworks</string>
					<string>$(inherited)</string>
				</array>
				<key>INFOPLIST_FILE</key>
				<string>Scalable Tablet PARTests/Info.plist</string>
				<key>LD_RUNPATH_SEARCH_PATHS</key>
				<string>$(inherited) @executable_path/Frameworks @loader_path/Frameworks</string>
				<key>PRODUCT_NAME</key>
				<string>$(TARGET_NAME)</string>
				<key>TEST_HOST</key>
				<string>$(BUILT_PRODUCTS_DIR)/Scalable Tablet PAR.app/Scalable Tablet PAR</string>
			</dict>
			<key>isa</key>
			<string>XCBuildConfiguration</string>
			<key>name</key>
			<string>Release</string>
		</dict>
		<key>62C4A5D01A97137800F70F6D</key>
		<dict>
			<key>children</key>
			<array>
				<string>CF09286D1AA9B8AD0061927C</string>
				<string>CF09286B1AA9B89F0061927C</string>
				<string>CF0928591AA9AE750061927C</string>
				<string>CF09285A1AA9AE750061927C</string>
				<string>CF09285B1AA9AE750061927C</string>
				<string>CF09285C1AA9AE750061927C</string>
				<string>62C4A5D31A97307E00F70F6D</string>
				<string>62D5F48D1AA8114000233B5E</string>
				<string>62C4A5D11A97138200F70F6D</string>
			</array>
			<key>isa</key>
			<string>PBXGroup</string>
			<key>name</key>
			<string>images</string>
			<key>sourceTree</key>
			<string>&lt;group&gt;</string>
		</dict>
		<key>62C4A5D11A97138200F70F6D</key>
		<dict>
			<key>isa</key>
			<string>PBXFileReference</string>
			<key>lastKnownFileType</key>
			<string>image.jpeg</string>
			<key>path</key>
			<string>bg.jpg</string>
			<key>sourceTree</key>
			<string>&lt;group&gt;</string>
		</dict>
		<key>62C4A5D21A97138200F70F6D</key>
		<dict>
			<key>fileRef</key>
			<string>62C4A5D11A97138200F70F6D</string>
			<key>isa</key>
			<string>PBXBuildFile</string>
		</dict>
		<key>62C4A5D31A97307E00F70F6D</key>
		<dict>
			<key>isa</key>
			<string>PBXFileReference</string>
			<key>lastKnownFileType</key>
			<string>image.jpeg</string>
			<key>path</key>
			<string>bgcleangray.jpg</string>
			<key>sourceTree</key>
			<string>&lt;group&gt;</string>
		</dict>
		<key>62C4A5D41A97307E00F70F6D</key>
		<dict>
			<key>fileRef</key>
			<string>62C4A5D31A97307E00F70F6D</string>
			<key>isa</key>
			<string>PBXBuildFile</string>
		</dict>
		<key>62C4A5D51A97315C00F70F6D</key>
		<dict>
			<key>fileEncoding</key>
			<string>4</string>
			<key>isa</key>
			<string>PBXFileReference</string>
			<key>lastKnownFileType</key>
			<string>sourcecode.c.h</string>
			<key>path</key>
			<string>VolumeDashboardViewController.h</string>
			<key>sourceTree</key>
			<string>&lt;group&gt;</string>
		</dict>
		<key>62C4A5D61A97315C00F70F6D</key>
		<dict>
			<key>fileEncoding</key>
			<string>4</string>
			<key>isa</key>
			<string>PBXFileReference</string>
			<key>lastKnownFileType</key>
			<string>sourcecode.c.objc</string>
			<key>path</key>
			<string>VolumeDashboardViewController.m</string>
			<key>sourceTree</key>
			<string>&lt;group&gt;</string>
		</dict>
		<key>62C4A5D71A97315C00F70F6D</key>
		<dict>
			<key>fileRef</key>
			<string>62C4A5D61A97315C00F70F6D</string>
			<key>isa</key>
			<string>PBXBuildFile</string>
		</dict>
		<key>62C4A5D81A9731C400F70F6D</key>
		<dict>
			<key>fileEncoding</key>
			<string>4</string>
			<key>isa</key>
			<string>PBXFileReference</string>
			<key>lastKnownFileType</key>
			<string>sourcecode.c.h</string>
			<key>path</key>
			<string>Misc.h</string>
			<key>sourceTree</key>
			<string>&lt;group&gt;</string>
		</dict>
		<key>62C4A5D91A9731C400F70F6D</key>
		<dict>
			<key>fileEncoding</key>
			<string>4</string>
			<key>isa</key>
			<string>PBXFileReference</string>
			<key>lastKnownFileType</key>
			<string>sourcecode.c.objc</string>
			<key>path</key>
			<string>Misc.m</string>
			<key>sourceTree</key>
			<string>&lt;group&gt;</string>
		</dict>
		<key>62C4A5DA1A9731C400F70F6D</key>
		<dict>
			<key>fileRef</key>
			<string>62C4A5D91A9731C400F70F6D</string>
			<key>isa</key>
			<string>PBXBuildFile</string>
		</dict>
		<key>62D5F48C1AA80F1400233B5E</key>
		<dict>
			<key>children</key>
			<array>
				<string>62E997841AA460E100D8AD22</string>
				<string>62E997821AA45CD300D8AD22</string>
				<string>62E9978C1AA462AA00D8AD22</string>
				<string>62E9977F1AA45CC400D8AD22</string>
				<string>62E9978B1AA4629800D8AD22</string>
				<string>62E997891AA4626600D8AD22</string>
			</array>
			<key>isa</key>
			<string>PBXGroup</string>
			<key>name</key>
			<string>Article</string>
			<key>sourceTree</key>
			<string>&lt;group&gt;</string>
		</dict>
		<key>62D5F48D1AA8114000233B5E</key>
		<dict>
			<key>isa</key>
			<string>PBXFileReference</string>
			<key>lastKnownFileType</key>
			<string>image.png</string>
			<key>path</key>
			<string>bg-01.png</string>
			<key>sourceTree</key>
			<string>&lt;group&gt;</string>
		</dict>
		<key>62D5F48E1AA8114000233B5E</key>
		<dict>
			<key>fileRef</key>
			<string>62D5F48D1AA8114000233B5E</string>
			<key>isa</key>
			<string>PBXBuildFile</string>
		</dict>
		<key>62E9977F1AA45CC400D8AD22</key>
		<dict>
			<key>fileEncoding</key>
			<string>4</string>
			<key>isa</key>
			<string>PBXFileReference</string>
			<key>lastKnownFileType</key>
			<string>sourcecode.c.objc</string>
			<key>path</key>
			<string>ArticleAggregatorViewController.m</string>
			<key>sourceTree</key>
			<string>&lt;group&gt;</string>
		</dict>
		<key>62E997801AA45CC400D8AD22</key>
		<dict>
			<key>fileRef</key>
			<string>62E9977F1AA45CC400D8AD22</string>
			<key>isa</key>
			<string>PBXBuildFile</string>
		</dict>
		<key>62E997821AA45CD300D8AD22</key>
		<dict>
			<key>fileEncoding</key>
			<string>4</string>
			<key>isa</key>
			<string>PBXFileReference</string>
			<key>lastKnownFileType</key>
			<string>sourcecode.c.objc</string>
			<key>path</key>
			<string>AggregatorLayoutView.m</string>
			<key>sourceTree</key>
			<string>&lt;group&gt;</string>
		</dict>
		<key>62E997831AA45CD300D8AD22</key>
		<dict>
			<key>fileRef</key>
			<string>62E997821AA45CD300D8AD22</string>
			<key>isa</key>
			<string>PBXBuildFile</string>
		</dict>
		<key>62E997841AA460E100D8AD22</key>
		<dict>
			<key>fileEncoding</key>
			<string>4</string>
			<key>isa</key>
			<string>PBXFileReference</string>
			<key>lastKnownFileType</key>
			<string>sourcecode.c.h</string>
			<key>path</key>
			<string>AggregatorLayoutView.h</string>
			<key>sourceTree</key>
			<string>&lt;group&gt;</string>
		</dict>
		<key>62E997851AA4619000D8AD22</key>
		<dict>
			<key>fileEncoding</key>
			<string>4</string>
			<key>isa</key>
			<string>PBXFileReference</string>
			<key>lastKnownFileType</key>
			<string>sourcecode.c.h</string>
			<key>path</key>
			<string>AFKPageFlipper.h</string>
			<key>sourceTree</key>
			<string>&lt;group&gt;</string>
		</dict>
		<key>62E997861AA4619000D8AD22</key>
		<dict>
			<key>fileEncoding</key>
			<string>4</string>
			<key>isa</key>
			<string>PBXFileReference</string>
			<key>lastKnownFileType</key>
			<string>sourcecode.c.objc</string>
			<key>path</key>
			<string>AFKPageFlipper.m</string>
			<key>sourceTree</key>
			<string>&lt;group&gt;</string>
		</dict>
		<key>62E997871AA4619000D8AD22</key>
		<dict>
			<key>fileRef</key>
			<string>62E997861AA4619000D8AD22</string>
			<key>isa</key>
			<string>PBXBuildFile</string>
		</dict>
		<key>62E997891AA4626600D8AD22</key>
		<dict>
			<key>fileEncoding</key>
			<string>4</string>
			<key>isa</key>
			<string>PBXFileReference</string>
			<key>lastKnownFileType</key>
			<string>sourcecode.c.objc</string>
			<key>path</key>
			<string>ArticleAggregatorItemView.m</string>
			<key>sourceTree</key>
			<string>&lt;group&gt;</string>
		</dict>
		<key>62E9978A1AA4626600D8AD22</key>
		<dict>
			<key>fileRef</key>
			<string>62E997891AA4626600D8AD22</string>
			<key>isa</key>
			<string>PBXBuildFile</string>
		</dict>
		<key>62E9978B1AA4629800D8AD22</key>
		<dict>
			<key>fileEncoding</key>
			<string>4</string>
			<key>isa</key>
			<string>PBXFileReference</string>
			<key>lastKnownFileType</key>
			<string>sourcecode.c.h</string>
			<key>path</key>
			<string>ArticleAggregatorItemView.h</string>
			<key>sourceTree</key>
			<string>&lt;group&gt;</string>
		</dict>
		<key>62E9978C1AA462AA00D8AD22</key>
		<dict>
			<key>fileEncoding</key>
			<string>4</string>
			<key>isa</key>
			<string>PBXFileReference</string>
			<key>lastKnownFileType</key>
			<string>sourcecode.c.h</string>
			<key>path</key>
			<string>ArticleAggregatorViewController.h</string>
			<key>sourceTree</key>
			<string>&lt;group&gt;</string>
		</dict>
		<key>62E9978D1AA4687500D8AD22</key>
		<dict>
			<key>fileEncoding</key>
			<string>4</string>
			<key>isa</key>
			<string>PBXFileReference</string>
			<key>lastKnownFileType</key>
			<string>file.xib</string>
			<key>path</key>
			<string>ArticleCell1x2.xib</string>
			<key>sourceTree</key>
			<string>&lt;group&gt;</string>
		</dict>
		<key>62E9978E1AA4687500D8AD22</key>
		<dict>
			<key>fileEncoding</key>
			<string>4</string>
			<key>isa</key>
			<string>PBXFileReference</string>
			<key>lastKnownFileType</key>
			<string>file.xib</string>
			<key>path</key>
			<string>ArticleCell.xib</string>
			<key>sourceTree</key>
			<string>&lt;group&gt;</string>
		</dict>
		<key>62E9978F1AA4687500D8AD22</key>
		<dict>
			<key>fileEncoding</key>
			<string>4</string>
			<key>isa</key>
			<string>PBXFileReference</string>
			<key>lastKnownFileType</key>
			<string>file.xib</string>
			<key>path</key>
			<string>ArticleCell2x1.xib</string>
			<key>sourceTree</key>
			<string>&lt;group&gt;</string>
		</dict>
		<key>62E997901AA4687500D8AD22</key>
		<dict>
			<key>fileEncoding</key>
			<string>4</string>
			<key>isa</key>
			<string>PBXFileReference</string>
			<key>lastKnownFileType</key>
			<string>file.xib</string>
			<key>path</key>
			<string>ArticleCell3x1.xib</string>
			<key>sourceTree</key>
			<string>&lt;group&gt;</string>
		</dict>
		<key>62E997911AA4687500D8AD22</key>
		<dict>
			<key>fileEncoding</key>
			<string>4</string>
			<key>isa</key>
			<string>PBXFileReference</string>
			<key>lastKnownFileType</key>
			<string>file.xib</string>
			<key>path</key>
			<string>ArticleCell1x3.xib</string>
			<key>sourceTree</key>
			<string>&lt;group&gt;</string>
		</dict>
		<key>62E997921AA4687500D8AD22</key>
		<dict>
			<key>fileRef</key>
			<string>62E9978D1AA4687500D8AD22</string>
			<key>isa</key>
			<string>PBXBuildFile</string>
		</dict>
		<key>62E997931AA4687500D8AD22</key>
		<dict>
			<key>fileRef</key>
			<string>62E9978E1AA4687500D8AD22</string>
			<key>isa</key>
			<string>PBXBuildFile</string>
		</dict>
		<key>62E997941AA4687500D8AD22</key>
		<dict>
			<key>fileRef</key>
			<string>62E9978F1AA4687500D8AD22</string>
			<key>isa</key>
			<string>PBXBuildFile</string>
		</dict>
		<key>62E997951AA4687500D8AD22</key>
		<dict>
			<key>fileRef</key>
			<string>62E997901AA4687500D8AD22</string>
			<key>isa</key>
			<string>PBXBuildFile</string>
		</dict>
		<key>62E997961AA4687500D8AD22</key>
		<dict>
			<key>fileRef</key>
			<string>62E997911AA4687500D8AD22</string>
			<key>isa</key>
			<string>PBXBuildFile</string>
		</dict>
		<key>6E2122AB047FC8E5765BFFFF</key>
		<dict>
			<key>children</key>
			<array>
				<string>3ECF9DCAA398B474677B79CE</string>
			</array>
			<key>isa</key>
			<string>PBXGroup</string>
			<key>name</key>
			<string>Frameworks</string>
			<key>sourceTree</key>
			<string>&lt;group&gt;</string>
		</dict>
		<key>96C6ABED8CA6DC3217F26992</key>
		<dict>
			<key>fileRef</key>
			<string>3ECF9DCAA398B474677B79CE</string>
			<key>isa</key>
			<string>PBXBuildFile</string>
		</dict>
		<key>AADD256088815F895A1B2F89</key>
		<dict>
			<key>buildActionMask</key>
			<string>2147483647</string>
			<key>files</key>
			<array/>
			<key>inputPaths</key>
			<array/>
			<key>isa</key>
			<string>PBXShellScriptBuildPhase</string>
			<key>name</key>
			<string>Check Pods Manifest.lock</string>
			<key>outputPaths</key>
			<array/>
			<key>runOnlyForDeploymentPostprocessing</key>
			<string>0</string>
			<key>shellPath</key>
			<string>/bin/sh</string>
			<key>shellScript</key>
			<string>diff "${PODS_ROOT}/../Podfile.lock" "${PODS_ROOT}/Manifest.lock" &gt; /dev/null
if [[ $? != 0 ]] ; then
    cat &lt;&lt; EOM
error: The sandbox is not in sync with the Podfile.lock. Run 'pod install' or update your CocoaPods installation.
EOM
    exit 1
fi
</string>
			<key>showEnvVarsInLog</key>
			<string>0</string>
		</dict>
		<key>CF0928591AA9AE750061927C</key>
		<dict>
			<key>isa</key>
			<string>PBXFileReference</string>
			<key>lastKnownFileType</key>
			<string>image.png</string>
			<key>path</key>
			<string>archiveswt.png</string>
			<key>sourceTree</key>
			<string>&lt;group&gt;</string>
		</dict>
		<key>CF09285A1AA9AE750061927C</key>
		<dict>
			<key>isa</key>
			<string>PBXFileReference</string>
			<key>lastKnownFileType</key>
			<string>image.png</string>
			<key>path</key>
			<string>firstviewwt.png</string>
			<key>sourceTree</key>
			<string>&lt;group&gt;</string>
		</dict>
		<key>CF09285B1AA9AE750061927C</key>
		<dict>
			<key>isa</key>
			<string>PBXFileReference</string>
			<key>lastKnownFileType</key>
			<string>image.png</string>
			<key>path</key>
			<string>latestwt.png</string>
			<key>sourceTree</key>
			<string>&lt;group&gt;</string>
		</dict>
		<key>CF09285C1AA9AE750061927C</key>
		<dict>
			<key>isa</key>
			<string>PBXFileReference</string>
			<key>lastKnownFileType</key>
			<string>image.png</string>
			<key>path</key>
			<string>Openaccesswt.png</string>
			<key>sourceTree</key>
			<string>&lt;group&gt;</string>
		</dict>
		<key>CF09285D1AA9AE750061927C</key>
		<dict>
			<key>fileRef</key>
			<string>CF0928591AA9AE750061927C</string>
			<key>isa</key>
			<string>PBXBuildFile</string>
		</dict>
		<key>CF09285E1AA9AE750061927C</key>
		<dict>
			<key>fileRef</key>
			<string>CF09285A1AA9AE750061927C</string>
			<key>isa</key>
			<string>PBXBuildFile</string>
		</dict>
		<key>CF09285F1AA9AE750061927C</key>
		<dict>
			<key>fileRef</key>
			<string>CF09285B1AA9AE750061927C</string>
			<key>isa</key>
			<string>PBXBuildFile</string>
		</dict>
		<key>CF0928601AA9AE750061927C</key>
		<dict>
			<key>fileRef</key>
			<string>CF09285C1AA9AE750061927C</string>
			<key>isa</key>
			<string>PBXBuildFile</string>
		</dict>
		<key>CF0928611AA9B2CF0061927C</key>
		<dict>
			<key>fileEncoding</key>
			<string>4</string>
			<key>isa</key>
			<string>PBXFileReference</string>
			<key>lastKnownFileType</key>
			<string>sourcecode.c.h</string>
			<key>name</key>
			<string>DashboardViewController.h</string>
			<key>path</key>
			<string>../DashboardViewController.h</string>
			<key>sourceTree</key>
			<string>&lt;group&gt;</string>
		</dict>
		<key>CF0928621AA9B2CF0061927C</key>
		<dict>
			<key>fileEncoding</key>
			<string>4</string>
			<key>isa</key>
			<string>PBXFileReference</string>
			<key>lastKnownFileType</key>
			<string>sourcecode.c.objc</string>
			<key>name</key>
			<string>DashboardViewController.m</string>
			<key>path</key>
			<string>../DashboardViewController.m</string>
			<key>sourceTree</key>
			<string>&lt;group&gt;</string>
		</dict>
		<key>CF0928631AA9B2CF0061927C</key>
		<dict>
			<key>fileRef</key>
			<string>CF0928621AA9B2CF0061927C</string>
			<key>isa</key>
			<string>PBXBuildFile</string>
		</dict>
		<key>CF09286B1AA9B89F0061927C</key>
		<dict>
			<key>isa</key>
			<string>PBXFileReference</string>
			<key>lastKnownFileType</key>
			<string>image.png</string>
			<key>path</key>
			<string>PARASITOLOGY-Logo.png</string>
			<key>sourceTree</key>
			<string>&lt;group&gt;</string>
		</dict>
		<key>CF09286C1AA9B89F0061927C</key>
		<dict>
			<key>fileRef</key>
			<string>CF09286B1AA9B89F0061927C</string>
			<key>isa</key>
			<string>PBXBuildFile</string>
		</dict>
		<key>CF09286D1AA9B8AD0061927C</key>
		<dict>
			<key>isa</key>
			<string>PBXFileReference</string>
			<key>lastKnownFileType</key>
			<string>image.png</string>
			<key>path</key>
			<string>PARASITOLOGY-Logobk.png</string>
			<key>sourceTree</key>
			<string>&lt;group&gt;</string>
		</dict>
		<key>CF09286E1AA9B8AD0061927C</key>
		<dict>
			<key>fileRef</key>
			<string>CF09286D1AA9B8AD0061927C</string>
			<key>isa</key>
			<string>PBXBuildFile</string>
		</dict>
		<key>CF75FD701AAD6F8E00BBB79D</key>
		<dict>
			<key>children</key>
			<array>
				<string>62C4A5D51A97315C00F70F6D</string>
				<string>62C4A5D61A97315C00F70F6D</string>
				<string>CF75FD711AAD75CB00BBB79D</string>
				<string>62C00C381A9EC8A000979A05</string>
				<string>62C00C391A9EC8A000979A05</string>
				<string>62C14C111AA01FFF00ADCE3D</string>
				<string>62C14C121AA01FFF00ADCE3D</string>
				<string>62C14C141AA0405000ADCE3D</string>
				<string>62C14C151AA0405000ADCE3D</string>
			</array>
			<key>isa</key>
			<string>PBXGroup</string>
			<key>name</key>
			<string>Archive</string>
			<key>sourceTree</key>
			<string>&lt;group&gt;</string>
		</dict>
		<key>CF75FD711AAD75CB00BBB79D</key>
		<dict>
			<key>fileEncoding</key>
			<string>4</string>
			<key>isa</key>
			<string>PBXFileReference</string>
			<key>lastKnownFileType</key>
			<string>file.xib</string>
			<key>path</key>
			<string>VolumeCover.xib</string>
			<key>sourceTree</key>
			<string>&lt;group&gt;</string>
		</dict>
		<key>CF75FD721AAD75CB00BBB79D</key>
		<dict>
			<key>fileRef</key>
			<string>CF75FD711AAD75CB00BBB79D</string>
			<key>isa</key>
			<string>PBXBuildFile</string>
		</dict>
		<key>CFC402771AAC86930094ED83</key>
		<dict>
			<key>fileEncoding</key>
			<string>4</string>
			<key>isa</key>
			<string>PBXFileReference</string>
			<key>lastKnownFileType</key>
			<string>sourcecode.c.h</string>
			<key>path</key>
			<string>IssueCover.h</string>
			<key>sourceTree</key>
			<string>&lt;group&gt;</string>
		</dict>
		<key>CFC402781AAC86930094ED83</key>
		<dict>
			<key>fileEncoding</key>
			<string>4</string>
			<key>isa</key>
			<string>PBXFileReference</string>
			<key>lastKnownFileType</key>
			<string>sourcecode.c.objc</string>
			<key>path</key>
			<string>IssueCover.m</string>
			<key>sourceTree</key>
			<string>&lt;group&gt;</string>
		</dict>
		<key>CFC402791AAC86930094ED83</key>
		<dict>
			<key>fileRef</key>
			<string>CFC402781AAC86930094ED83</string>
			<key>isa</key>
			<string>PBXBuildFile</string>
		</dict>
		<key>CFC7628B1AAD49B30072B1D6</key>
		<dict>
			<key>fileEncoding</key>
			<string>4</string>
			<key>isa</key>
			<string>PBXFileReference</string>
			<key>lastKnownFileType</key>
			<string>file.xib</string>
			<key>path</key>
			<string>VolumeTableViewCell.xib</string>
			<key>sourceTree</key>
			<string>&lt;group&gt;</string>
		</dict>
		<key>CFC7628C1AAD49B30072B1D6</key>
		<dict>
			<key>fileRef</key>
			<string>CFC7628B1AAD49B30072B1D6</string>
			<key>isa</key>
			<string>PBXBuildFile</string>
		</dict>
		<key>CFC7628D1AAD4A950072B1D6</key>
		<dict>
			<key>fileEncoding</key>
			<string>4</string>
			<key>isa</key>
			<string>PBXFileReference</string>
			<key>lastKnownFileType</key>
			<string>sourcecode.c.h</string>
			<key>path</key>
			<string>VolumeTableViewCell.h</string>
			<key>sourceTree</key>
			<string>&lt;group&gt;</string>
		</dict>
		<key>CFC7628E1AAD4A950072B1D6</key>
		<dict>
			<key>fileEncoding</key>
			<string>4</string>
			<key>isa</key>
			<string>PBXFileReference</string>
			<key>lastKnownFileType</key>
			<string>sourcecode.c.objc</string>
			<key>path</key>
			<string>VolumeTableViewCell.m</string>
			<key>sourceTree</key>
			<string>&lt;group&gt;</string>
		</dict>
		<key>CFC7628F1AAD4A950072B1D6</key>
		<dict>
			<key>fileRef</key>
			<string>CFC7628E1AAD4A950072B1D6</string>
			<key>isa</key>
			<string>PBXBuildFile</string>
		</dict>
		<key>CFC762901AAD4B4E0072B1D6</key>
		<dict>
			<key>fileEncoding</key>
			<string>4</string>
			<key>isa</key>
			<string>PBXFileReference</string>
			<key>lastKnownFileType</key>
			<string>sourcecode.c.h</string>
			<key>path</key>
			<string>VolumeTableView.h</string>
			<key>sourceTree</key>
			<string>&lt;group&gt;</string>
		</dict>
		<key>CFC762911AAD4B4E0072B1D6</key>
		<dict>
			<key>fileEncoding</key>
			<string>4</string>
			<key>isa</key>
			<string>PBXFileReference</string>
			<key>lastKnownFileType</key>
			<string>sourcecode.c.objc</string>
			<key>path</key>
			<string>VolumeTableView.m</string>
			<key>sourceTree</key>
			<string>&lt;group&gt;</string>
		</dict>
		<key>CFC762921AAD4B4E0072B1D6</key>
		<dict>
			<key>fileRef</key>
			<string>CFC762911AAD4B4E0072B1D6</string>
			<key>isa</key>
			<string>PBXBuildFile</string>
		</dict>
		<key>E6EF7BD031B2C06712F315A5</key>
		<dict>
			<key>includeInIndex</key>
			<string>1</string>
			<key>isa</key>
			<string>PBXFileReference</string>
			<key>lastKnownFileType</key>
			<string>text.xcconfig</string>
			<key>name</key>
			<string>Pods-Scalable Tablet PAR.release.xcconfig</string>
			<key>path</key>
			<string>Pods/Target Support Files/Pods-Scalable Tablet PAR/Pods-Scalable Tablet PAR.release.xcconfig</string>
			<key>sourceTree</key>
			<string>&lt;group&gt;</string>
		</dict>
		<key>F62826D23762D189CEF141DE</key>
		<dict>
			<key>includeInIndex</key>
			<string>1</string>
			<key>isa</key>
			<string>PBXFileReference</string>
			<key>lastKnownFileType</key>
			<string>text.xcconfig</string>
			<key>name</key>
			<string>Pods-Scalable Tablet PAR.debug.xcconfig</string>
			<key>path</key>
			<string>Pods/Target Support Files/Pods-Scalable Tablet PAR/Pods-Scalable Tablet PAR.debug.xcconfig</string>
			<key>sourceTree</key>
			<string>&lt;group&gt;</string>
		</dict>
	</dict>
	<key>rootObject</key>
	<string>62C4A59C1A97126F00F70F6D</string>
</dict>
</plist>
