// !$*UTF8*$!
{
	archiveVersion = 1;
	classes = {
	};
	objectVersion = 46;
	objects = {

/* Begin PBXBuildFile section */
		62C00C371A9EC66700979A05 /* IssueCover.xib in Resources */ = {isa = PBXBuildFile; fileRef = 62C00C361A9EC66700979A05 /* IssueCover.xib */; };
		62C00C3A1A9EC8A000979A05 /* VolumeCover.m in Sources */ = {isa = PBXBuildFile; fileRef = 62C00C391A9EC8A000979A05 /* VolumeCover.m */; };
		62C14C131AA01FFF00ADCE3D /* VolumeViewController.m in Sources */ = {isa = PBXBuildFile; fileRef = 62C14C121AA01FFF00ADCE3D /* VolumeViewController.m */; };
		62C14C161AA0405000ADCE3D /* VolumeCellTableViewCell.m in Sources */ = {isa = PBXBuildFile; fileRef = 62C14C151AA0405000ADCE3D /* VolumeCellTableViewCell.m */; };
		62C4A5AA1A97126F00F70F6D /* main.m in Sources */ = {isa = PBXBuildFile; fileRef = 62C4A5A91A97126F00F70F6D /* main.m */; };
		62C4A5AD1A97126F00F70F6D /* AppDelegate.m in Sources */ = {isa = PBXBuildFile; fileRef = 62C4A5AC1A97126F00F70F6D /* AppDelegate.m */; };
		62C4A5B01A97126F00F70F6D /* Scalable_Tablet_PAR.xcdatamodeld in Sources */ = {isa = PBXBuildFile; fileRef = 62C4A5AE1A97126F00F70F6D /* Scalable_Tablet_PAR.xcdatamodeld */; };
		62C4A5B31A97126F00F70F6D /* ViewController.m in Sources */ = {isa = PBXBuildFile; fileRef = 62C4A5B21A97126F00F70F6D /* ViewController.m */; };
		62C4A5B61A97126F00F70F6D /* Main.storyboard in Resources */ = {isa = PBXBuildFile; fileRef = 62C4A5B41A97126F00F70F6D /* Main.storyboard */; };
		62C4A5B81A97126F00F70F6D /* Images.xcassets in Resources */ = {isa = PBXBuildFile; fileRef = 62C4A5B71A97126F00F70F6D /* Images.xcassets */; };
		62C4A5BB1A97126F00F70F6D /* LaunchScreen.xib in Resources */ = {isa = PBXBuildFile; fileRef = 62C4A5B91A97126F00F70F6D /* LaunchScreen.xib */; };
		62C4A5C71A97127000F70F6D /* Scalable_Tablet_PARTests.m in Sources */ = {isa = PBXBuildFile; fileRef = 62C4A5C61A97127000F70F6D /* Scalable_Tablet_PARTests.m */; };
		62C4A5D21A97138200F70F6D /* bg.jpg in Resources */ = {isa = PBXBuildFile; fileRef = 62C4A5D11A97138200F70F6D /* bg.jpg */; };
		62C4A5D41A97307E00F70F6D /* bgcleangray.jpg in Resources */ = {isa = PBXBuildFile; fileRef = 62C4A5D31A97307E00F70F6D /* bgcleangray.jpg */; };
		62C4A5D71A97315C00F70F6D /* VolumeDashboardViewController.m in Sources */ = {isa = PBXBuildFile; fileRef = 62C4A5D61A97315C00F70F6D /* VolumeDashboardViewController.m */; };
		62C4A5DA1A9731C400F70F6D /* Misc.m in Sources */ = {isa = PBXBuildFile; fileRef = 62C4A5D91A9731C400F70F6D /* Misc.m */; };
		62D5F48E1AA8114000233B5E /* bg-01.png in Resources */ = {isa = PBXBuildFile; fileRef = 62D5F48D1AA8114000233B5E /* bg-01.png */; };
		62E997801AA45CC400D8AD22 /* ArticleAggregatorViewController.m in Sources */ = {isa = PBXBuildFile; fileRef = 62E9977F1AA45CC400D8AD22 /* ArticleAggregatorViewController.m */; };
		62E997831AA45CD300D8AD22 /* AggregatorLayoutView.m in Sources */ = {isa = PBXBuildFile; fileRef = 62E997821AA45CD300D8AD22 /* AggregatorLayoutView.m */; };
		62E997871AA4619000D8AD22 /* AFKPageFlipper.m in Sources */ = {isa = PBXBuildFile; fileRef = 62E997861AA4619000D8AD22 /* AFKPageFlipper.m */; };
		62E9978A1AA4626600D8AD22 /* ArticleAggregatorItemView.m in Sources */ = {isa = PBXBuildFile; fileRef = 62E997891AA4626600D8AD22 /* ArticleAggregatorItemView.m */; };
		62E997921AA4687500D8AD22 /* ArticleCell1x2.xib in Resources */ = {isa = PBXBuildFile; fileRef = 62E9978D1AA4687500D8AD22 /* ArticleCell1x2.xib */; };
		62E997931AA4687500D8AD22 /* ArticleCell.xib in Resources */ = {isa = PBXBuildFile; fileRef = 62E9978E1AA4687500D8AD22 /* ArticleCell.xib */; };
		62E997941AA4687500D8AD22 /* ArticleCell2x1.xib in Resources */ = {isa = PBXBuildFile; fileRef = 62E9978F1AA4687500D8AD22 /* ArticleCell2x1.xib */; };
		62E997951AA4687500D8AD22 /* ArticleCell3x1.xib in Resources */ = {isa = PBXBuildFile; fileRef = 62E997901AA4687500D8AD22 /* ArticleCell3x1.xib */; };
		62E997961AA4687500D8AD22 /* ArticleCell1x3.xib in Resources */ = {isa = PBXBuildFile; fileRef = 62E997911AA4687500D8AD22 /* ArticleCell1x3.xib */; };
		62F74CEA1AB138DE005246D4 /* FullScreenArticleView.xib in Resources */ = {isa = PBXBuildFile; fileRef = 62F74CE71AB138DE005246D4 /* FullScreenArticleView.xib */; };
		62F74CEB1AB138DE005246D4 /* FullScreenView.m in Sources */ = {isa = PBXBuildFile; fileRef = 62F74CE91AB138DE005246D4 /* FullScreenView.m */; };
		62F74CEC1AB1391C005246D4 /* FullScreenView.h in Sources */ = {isa = PBXBuildFile; fileRef = 62F74CE81AB138DE005246D4 /* FullScreenView.h */; };
		62F74CEF1AB144F2005246D4 /* ArticleViewController.m in Sources */ = {isa = PBXBuildFile; fileRef = 62F74CEE1AB144F2005246D4 /* ArticleViewController.m */; };
		62F74CF01AB14520005246D4 /* ArticleViewController.h in Sources */ = {isa = PBXBuildFile; fileRef = 62F74CED1AB144F2005246D4 /* ArticleViewController.h */; };
		62F74CF21AB15D7A005246D4 /* S0031182014000948_fig3p.jpeg in Resources */ = {isa = PBXBuildFile; fileRef = 62F74CF11AB15D7A005246D4 /* S0031182014000948_fig3p.jpeg */; };
		CF09285D1AA9AE750061927C /* archiveswt.png in Resources */ = {isa = PBXBuildFile; fileRef = CF0928591AA9AE750061927C /* archiveswt.png */; };
		CF09285E1AA9AE750061927C /* firstviewwt.png in Resources */ = {isa = PBXBuildFile; fileRef = CF09285A1AA9AE750061927C /* firstviewwt.png */; };
		CF09285F1AA9AE750061927C /* latestwt.png in Resources */ = {isa = PBXBuildFile; fileRef = CF09285B1AA9AE750061927C /* latestwt.png */; };
		CF0928601AA9AE750061927C /* Openaccesswt.png in Resources */ = {isa = PBXBuildFile; fileRef = CF09285C1AA9AE750061927C /* Openaccesswt.png */; };
		CF0928631AA9B2CF0061927C /* DashboardViewController.m in Sources */ = {isa = PBXBuildFile; fileRef = CF0928621AA9B2CF0061927C /* DashboardViewController.m */; };
		CF09286C1AA9B89F0061927C /* PARASITOLOGY-Logo.png in Resources */ = {isa = PBXBuildFile; fileRef = CF09286B1AA9B89F0061927C /* PARASITOLOGY-Logo.png */; };
		CF09286E1AA9B8AD0061927C /* PARASITOLOGY-Logobk.png in Resources */ = {isa = PBXBuildFile; fileRef = CF09286D1AA9B8AD0061927C /* PARASITOLOGY-Logobk.png */; };
		CF374E491AAEEAEC00C8CE89 /* issuecover1.jpg in Resources */ = {isa = PBXBuildFile; fileRef = CF374E441AAEEAEC00C8CE89 /* issuecover1.jpg */; };
		CF374E4A1AAEEAEC00C8CE89 /* issuecover2.jpg in Resources */ = {isa = PBXBuildFile; fileRef = CF374E451AAEEAEC00C8CE89 /* issuecover2.jpg */; };
		CF374E4B1AAEEAEC00C8CE89 /* issuecover3.jpg in Resources */ = {isa = PBXBuildFile; fileRef = CF374E461AAEEAEC00C8CE89 /* issuecover3.jpg */; };
		CF374E4C1AAEEAEC00C8CE89 /* issuecover4.jpg in Resources */ = {isa = PBXBuildFile; fileRef = CF374E471AAEEAEC00C8CE89 /* issuecover4.jpg */; };
		CF374E4D1AAEEAEC00C8CE89 /* issuecover5.jpg in Resources */ = {isa = PBXBuildFile; fileRef = CF374E481AAEEAEC00C8CE89 /* issuecover5.jpg */; };
		CF75FD721AAD75CB00BBB79D /* VolumeCover.xib in Resources */ = {isa = PBXBuildFile; fileRef = CF75FD711AAD75CB00BBB79D /* VolumeCover.xib */; };
		CF8EB25B1AB1308100C89BC9 /* ParseFacebookUtils.framework in Frameworks */ = {isa = PBXBuildFile; fileRef = CF8EB25A1AB1308100C89BC9 /* ParseFacebookUtils.framework */; };
		CF8EB25F1AB1318800C89BC9 /* GoogleOpenSource.framework in Frameworks */ = {isa = PBXBuildFile; fileRef = CF8EB25C1AB1318800C89BC9 /* GoogleOpenSource.framework */; };
		CF8EB2601AB1318800C89BC9 /* GooglePlus.bundle in Resources */ = {isa = PBXBuildFile; fileRef = CF8EB25D1AB1318800C89BC9 /* GooglePlus.bundle */; };
		CF8EB2611AB1318800C89BC9 /* GooglePlus.framework in Frameworks */ = {isa = PBXBuildFile; fileRef = CF8EB25E1AB1318800C89BC9 /* GooglePlus.framework */; };
		CFC402791AAC86930094ED83 /* IssueCover.m in Sources */ = {isa = PBXBuildFile; fileRef = CFC402781AAC86930094ED83 /* IssueCover.m */; };
		CFC7628C1AAD49B30072B1D6 /* VolumeTableViewCell.xib in Resources */ = {isa = PBXBuildFile; fileRef = CFC7628B1AAD49B30072B1D6 /* VolumeTableViewCell.xib */; };
		CFC7628F1AAD4A950072B1D6 /* VolumeTableViewCell.m in Sources */ = {isa = PBXBuildFile; fileRef = CFC7628E1AAD4A950072B1D6 /* VolumeTableViewCell.m */; };
		CFC762921AAD4B4E0072B1D6 /* VolumeTableView.m in Sources */ = {isa = PBXBuildFile; fileRef = CFC762911AAD4B4E0072B1D6 /* VolumeTableView.m */; };
		FD0FE1951AAEE80700A24886 /* facebookbut.png in Resources */ = {isa = PBXBuildFile; fileRef = FD0FE1921AAEE80700A24886 /* facebookbut.png */; };
		FD0FE1961AAEE80700A24886 /* googlebut.png in Resources */ = {isa = PBXBuildFile; fileRef = FD0FE1931AAEE80700A24886 /* googlebut.png */; };
		FD0FE1971AAEE80700A24886 /* twitterbut.png in Resources */ = {isa = PBXBuildFile; fileRef = FD0FE1941AAEE80700A24886 /* twitterbut.png */; };
		FD0FE1991AAEE86000A24886 /* bgclean.jpg in Resources */ = {isa = PBXBuildFile; fileRef = FD0FE1981AAEE86000A24886 /* bgclean.jpg */; };
		FD13CC071AAEDCAA0090E565 /* registrationbg.jpg in Resources */ = {isa = PBXBuildFile; fileRef = FD13CC061AAEDCAA0090E565 /* registrationbg.jpg */; };
		FD38C25D1AB175DF00066F61 /* 1.jpg in Resources */ = {isa = PBXBuildFile; fileRef = FD38C2531AB175DF00066F61 /* 1.jpg */; };
		FD38C25E1AB175DF00066F61 /* 2.jpg in Resources */ = {isa = PBXBuildFile; fileRef = FD38C2541AB175DF00066F61 /* 2.jpg */; };
		FD38C25F1AB175DF00066F61 /* 3.jpg in Resources */ = {isa = PBXBuildFile; fileRef = FD38C2551AB175DF00066F61 /* 3.jpg */; };
		FD38C2601AB175DF00066F61 /* 4.jpg in Resources */ = {isa = PBXBuildFile; fileRef = FD38C2561AB175DF00066F61 /* 4.jpg */; };
		FD38C2611AB175DF00066F61 /* 5.jpg in Resources */ = {isa = PBXBuildFile; fileRef = FD38C2571AB175DF00066F61 /* 5.jpg */; };
		FD38C2621AB175DF00066F61 /* 6.jpg in Resources */ = {isa = PBXBuildFile; fileRef = FD38C2581AB175DF00066F61 /* 6.jpg */; };
		FD38C2631AB175DF00066F61 /* 7.jpg in Resources */ = {isa = PBXBuildFile; fileRef = FD38C2591AB175DF00066F61 /* 7.jpg */; };
		FD38C2641AB175DF00066F61 /* 8.jpg in Resources */ = {isa = PBXBuildFile; fileRef = FD38C25A1AB175DF00066F61 /* 8.jpg */; };
		FD38C2651AB175DF00066F61 /* 9.jpg in Resources */ = {isa = PBXBuildFile; fileRef = FD38C25B1AB175DF00066F61 /* 9.jpg */; };
		FD38C2661AB175DF00066F61 /* 10.jpg in Resources */ = {isa = PBXBuildFile; fileRef = FD38C25C1AB175DF00066F61 /* 10.jpg */; };
		FDA0E9B61AAD948900E9C476 /* Journal.m in Sources */ = {isa = PBXBuildFile; fileRef = FDA0E9B51AAD948900E9C476 /* Journal.m */; };
		FDA0E9B91AAD949400E9C476 /* Volume.m in Sources */ = {isa = PBXBuildFile; fileRef = FDA0E9B81AAD949400E9C476 /* Volume.m */; };
		FDA0E9BC1AAD949C00E9C476 /* Issue.m in Sources */ = {isa = PBXBuildFile; fileRef = FDA0E9BB1AAD949C00E9C476 /* Issue.m */; };
		FDA0E9C31AAD94A500E9C476 /* Article.m in Sources */ = {isa = PBXBuildFile; fileRef = FDA0E9BE1AAD94A500E9C476 /* Article.m */; };
		FDA0E9C41AAD94A500E9C476 /* ArticleType.m in Sources */ = {isa = PBXBuildFile; fileRef = FDA0E9C01AAD94A500E9C476 /* ArticleType.m */; };
		FDA0E9C51AAD94A500E9C476 /* Author.m in Sources */ = {isa = PBXBuildFile; fileRef = FDA0E9C21AAD94A500E9C476 /* Author.m */; };
		FDAC90D31AAD9CEB00948813 /* LoginViewController.m in Sources */ = {isa = PBXBuildFile; fileRef = FDAC90D21AAD9CEB00948813 /* LoginViewController.m */; };
		FDCACB691AADA6360045F7E5 /* RegisterViewController.m in Sources */ = {isa = PBXBuildFile; fileRef = FDCACB681AADA6360045F7E5 /* RegisterViewController.m */; };
		FDF9238B1AB00E2700CD992A /* libPods-Scalable Tablet PAR.a in Frameworks */ = {isa = PBXBuildFile; fileRef = FDF9238A1AB00E2700CD992A /* libPods-Scalable Tablet PAR.a */; };
		FDF9238D1AB00E4600CD992A /* Accounts.framework in Frameworks */ = {isa = PBXBuildFile; fileRef = FDF91F501AB005B900CD992A /* Accounts.framework */; };
		FDF9238E1AB00E4B00CD992A /* Social.framework in Frameworks */ = {isa = PBXBuildFile; fileRef = FDF91F521AB005BE00CD992A /* Social.framework */; };
		FDF9238F1AB00E7300CD992A /* UIKit.framework in Frameworks */ = {isa = PBXBuildFile; fileRef = FDF91F681AB00B6B00CD992A /* UIKit.framework */; };
		FDF923901AB00E7900CD992A /* SystemConfiguration.framework in Frameworks */ = {isa = PBXBuildFile; fileRef = FDF91F661AB00B6500CD992A /* SystemConfiguration.framework */; };
		FDF923911AB00E7E00CD992A /* Security.framework in Frameworks */ = {isa = PBXBuildFile; fileRef = FDF91F641AB00B5E00CD992A /* Security.framework */; };
		FDF923921AB00E8300CD992A /* MediaPlayer.framework in Frameworks */ = {isa = PBXBuildFile; fileRef = FDF91F621AB00B5800CD992A /* MediaPlayer.framework */; };
		FDF923931AB00E8900CD992A /* CoreText.framework in Frameworks */ = {isa = PBXBuildFile; fileRef = FDF91F601AB00B5100CD992A /* CoreText.framework */; };
		FDF923941AB00E8F00CD992A /* CoreGraphics.framework in Frameworks */ = {isa = PBXBuildFile; fileRef = FDF91F5E1AB00B4C00CD992A /* CoreGraphics.framework */; };
		FDF923951AB00E9500CD992A /* CoreMotion.framework in Frameworks */ = {isa = PBXBuildFile; fileRef = FDF91F5C1AB00B4600CD992A /* CoreMotion.framework */; };
		FDF923961AB00E9C00CD992A /* CoreLocation.framework in Frameworks */ = {isa = PBXBuildFile; fileRef = FDF91F5A1AB00B3F00CD992A /* CoreLocation.framework */; };
		FDF923971AB00EAB00CD992A /* Foundation.framework in Frameworks */ = {isa = PBXBuildFile; fileRef = FDF91F581AB00B3500CD992A /* Foundation.framework */; };
		FDF923981AB00EB100CD992A /* AssetsLibrary.framework in Frameworks */ = {isa = PBXBuildFile; fileRef = FDF91F561AB00B2800CD992A /* AssetsLibrary.framework */; };
		FDF923991AB00EB500CD992A /* AddressBook.framework in Frameworks */ = {isa = PBXBuildFile; fileRef = FDF91F541AB00B2200CD992A /* AddressBook.framework */; };
/* End PBXBuildFile section */

/* Begin PBXContainerItemProxy section */
		62C4A5C11A97126F00F70F6D /* PBXContainerItemProxy */ = {
			isa = PBXContainerItemProxy;
			containerPortal = 62C4A59C1A97126F00F70F6D /* Project object */;
			proxyType = 1;
			remoteGlobalIDString = 62C4A5A31A97126F00F70F6D;
			remoteInfo = "Scalable Tablet PAR";
		};
/* End PBXContainerItemProxy section */

/* Begin PBXFileReference section */
		3ECF9DCAA398B474677B79CE /* libPods-Scalable Tablet PAR.a */ = {isa = PBXFileReference; explicitFileType = archive.ar; includeInIndex = 0; path = "libPods-Scalable Tablet PAR.a"; sourceTree = BUILT_PRODUCTS_DIR; };
		62C00C361A9EC66700979A05 /* IssueCover.xib */ = {isa = PBXFileReference; fileEncoding = 4; lastKnownFileType = file.xib; path = IssueCover.xib; sourceTree = "<group>"; };
		62C00C381A9EC8A000979A05 /* VolumeCover.h */ = {isa = PBXFileReference; fileEncoding = 4; lastKnownFileType = sourcecode.c.h; path = VolumeCover.h; sourceTree = "<group>"; };
		62C00C391A9EC8A000979A05 /* VolumeCover.m */ = {isa = PBXFileReference; fileEncoding = 4; lastKnownFileType = sourcecode.c.objc; path = VolumeCover.m; sourceTree = "<group>"; };
		62C14C111AA01FFF00ADCE3D /* VolumeViewController.h */ = {isa = PBXFileReference; fileEncoding = 4; lastKnownFileType = sourcecode.c.h; path = VolumeViewController.h; sourceTree = "<group>"; };
		62C14C121AA01FFF00ADCE3D /* VolumeViewController.m */ = {isa = PBXFileReference; fileEncoding = 4; lastKnownFileType = sourcecode.c.objc; path = VolumeViewController.m; sourceTree = "<group>"; };
		62C14C141AA0405000ADCE3D /* VolumeCellTableViewCell.h */ = {isa = PBXFileReference; fileEncoding = 4; lastKnownFileType = sourcecode.c.h; path = VolumeCellTableViewCell.h; sourceTree = "<group>"; };
		62C14C151AA0405000ADCE3D /* VolumeCellTableViewCell.m */ = {isa = PBXFileReference; fileEncoding = 4; lastKnownFileType = sourcecode.c.objc; path = VolumeCellTableViewCell.m; sourceTree = "<group>"; };
		62C4A5A41A97126F00F70F6D /* Scalable Tablet PAR.app */ = {isa = PBXFileReference; explicitFileType = wrapper.application; includeInIndex = 0; path = "Scalable Tablet PAR.app"; sourceTree = BUILT_PRODUCTS_DIR; };
		62C4A5A81A97126F00F70F6D /* Info.plist */ = {isa = PBXFileReference; lastKnownFileType = text.plist.xml; path = Info.plist; sourceTree = "<group>"; };
		62C4A5A91A97126F00F70F6D /* main.m */ = {isa = PBXFileReference; lastKnownFileType = sourcecode.c.objc; path = main.m; sourceTree = "<group>"; };
		62C4A5AB1A97126F00F70F6D /* AppDelegate.h */ = {isa = PBXFileReference; lastKnownFileType = sourcecode.c.h; path = AppDelegate.h; sourceTree = "<group>"; };
		62C4A5AC1A97126F00F70F6D /* AppDelegate.m */ = {isa = PBXFileReference; lastKnownFileType = sourcecode.c.objc; path = AppDelegate.m; sourceTree = "<group>"; };
		62C4A5AF1A97126F00F70F6D /* Scalable_Tablet_PAR.xcdatamodel */ = {isa = PBXFileReference; lastKnownFileType = wrapper.xcdatamodel; path = Scalable_Tablet_PAR.xcdatamodel; sourceTree = "<group>"; };
		62C4A5B11A97126F00F70F6D /* ViewController.h */ = {isa = PBXFileReference; lastKnownFileType = sourcecode.c.h; path = ViewController.h; sourceTree = "<group>"; };
		62C4A5B21A97126F00F70F6D /* ViewController.m */ = {isa = PBXFileReference; lastKnownFileType = sourcecode.c.objc; path = ViewController.m; sourceTree = "<group>"; };
		62C4A5B51A97126F00F70F6D /* Base */ = {isa = PBXFileReference; lastKnownFileType = file.storyboard; name = Base; path = Base.lproj/Main.storyboard; sourceTree = "<group>"; };
		62C4A5B71A97126F00F70F6D /* Images.xcassets */ = {isa = PBXFileReference; lastKnownFileType = folder.assetcatalog; path = Images.xcassets; sourceTree = "<group>"; };
		62C4A5BA1A97126F00F70F6D /* Base */ = {isa = PBXFileReference; lastKnownFileType = file.xib; name = Base; path = Base.lproj/LaunchScreen.xib; sourceTree = "<group>"; };
		62C4A5C01A97126F00F70F6D /* Scalable Tablet PARTests.xctest */ = {isa = PBXFileReference; explicitFileType = wrapper.cfbundle; includeInIndex = 0; path = "Scalable Tablet PARTests.xctest"; sourceTree = BUILT_PRODUCTS_DIR; };
		62C4A5C51A97126F00F70F6D /* Info.plist */ = {isa = PBXFileReference; lastKnownFileType = text.plist.xml; path = Info.plist; sourceTree = "<group>"; };
		62C4A5C61A97127000F70F6D /* Scalable_Tablet_PARTests.m */ = {isa = PBXFileReference; lastKnownFileType = sourcecode.c.objc; path = Scalable_Tablet_PARTests.m; sourceTree = "<group>"; };
		62C4A5D11A97138200F70F6D /* bg.jpg */ = {isa = PBXFileReference; lastKnownFileType = image.jpeg; path = bg.jpg; sourceTree = "<group>"; };
		62C4A5D31A97307E00F70F6D /* bgcleangray.jpg */ = {isa = PBXFileReference; lastKnownFileType = image.jpeg; path = bgcleangray.jpg; sourceTree = "<group>"; };
		62C4A5D51A97315C00F70F6D /* VolumeDashboardViewController.h */ = {isa = PBXFileReference; fileEncoding = 4; lastKnownFileType = sourcecode.c.h; path = VolumeDashboardViewController.h; sourceTree = "<group>"; };
		62C4A5D61A97315C00F70F6D /* VolumeDashboardViewController.m */ = {isa = PBXFileReference; fileEncoding = 4; lastKnownFileType = sourcecode.c.objc; path = VolumeDashboardViewController.m; sourceTree = "<group>"; };
		62C4A5D81A9731C400F70F6D /* Misc.h */ = {isa = PBXFileReference; fileEncoding = 4; lastKnownFileType = sourcecode.c.h; path = Misc.h; sourceTree = "<group>"; };
		62C4A5D91A9731C400F70F6D /* Misc.m */ = {isa = PBXFileReference; fileEncoding = 4; lastKnownFileType = sourcecode.c.objc; path = Misc.m; sourceTree = "<group>"; };
		62D5F48D1AA8114000233B5E /* bg-01.png */ = {isa = PBXFileReference; lastKnownFileType = image.png; path = "bg-01.png"; sourceTree = "<group>"; };
		62E9977F1AA45CC400D8AD22 /* ArticleAggregatorViewController.m */ = {isa = PBXFileReference; fileEncoding = 4; lastKnownFileType = sourcecode.c.objc; path = ArticleAggregatorViewController.m; sourceTree = "<group>"; };
		62E997821AA45CD300D8AD22 /* AggregatorLayoutView.m */ = {isa = PBXFileReference; fileEncoding = 4; lastKnownFileType = sourcecode.c.objc; path = AggregatorLayoutView.m; sourceTree = "<group>"; };
		62E997841AA460E100D8AD22 /* AggregatorLayoutView.h */ = {isa = PBXFileReference; fileEncoding = 4; lastKnownFileType = sourcecode.c.h; path = AggregatorLayoutView.h; sourceTree = "<group>"; };
		62E997851AA4619000D8AD22 /* AFKPageFlipper.h */ = {isa = PBXFileReference; fileEncoding = 4; lastKnownFileType = sourcecode.c.h; path = AFKPageFlipper.h; sourceTree = "<group>"; };
		62E997861AA4619000D8AD22 /* AFKPageFlipper.m */ = {isa = PBXFileReference; fileEncoding = 4; lastKnownFileType = sourcecode.c.objc; path = AFKPageFlipper.m; sourceTree = "<group>"; };
		62E997891AA4626600D8AD22 /* ArticleAggregatorItemView.m */ = {isa = PBXFileReference; fileEncoding = 4; lastKnownFileType = sourcecode.c.objc; path = ArticleAggregatorItemView.m; sourceTree = "<group>"; };
		62E9978B1AA4629800D8AD22 /* ArticleAggregatorItemView.h */ = {isa = PBXFileReference; fileEncoding = 4; lastKnownFileType = sourcecode.c.h; path = ArticleAggregatorItemView.h; sourceTree = "<group>"; };
		62E9978C1AA462AA00D8AD22 /* ArticleAggregatorViewController.h */ = {isa = PBXFileReference; fileEncoding = 4; lastKnownFileType = sourcecode.c.h; path = ArticleAggregatorViewController.h; sourceTree = "<group>"; };
		62E9978D1AA4687500D8AD22 /* ArticleCell1x2.xib */ = {isa = PBXFileReference; fileEncoding = 4; lastKnownFileType = file.xib; path = ArticleCell1x2.xib; sourceTree = "<group>"; };
		62E9978E1AA4687500D8AD22 /* ArticleCell.xib */ = {isa = PBXFileReference; fileEncoding = 4; lastKnownFileType = file.xib; path = ArticleCell.xib; sourceTree = "<group>"; };
		62E9978F1AA4687500D8AD22 /* ArticleCell2x1.xib */ = {isa = PBXFileReference; fileEncoding = 4; lastKnownFileType = file.xib; path = ArticleCell2x1.xib; sourceTree = "<group>"; };
		62E997901AA4687500D8AD22 /* ArticleCell3x1.xib */ = {isa = PBXFileReference; fileEncoding = 4; lastKnownFileType = file.xib; path = ArticleCell3x1.xib; sourceTree = "<group>"; };
		62E997911AA4687500D8AD22 /* ArticleCell1x3.xib */ = {isa = PBXFileReference; fileEncoding = 4; lastKnownFileType = file.xib; path = ArticleCell1x3.xib; sourceTree = "<group>"; };
		62F74CE71AB138DE005246D4 /* FullScreenArticleView.xib */ = {isa = PBXFileReference; fileEncoding = 4; lastKnownFileType = file.xib; path = FullScreenArticleView.xib; sourceTree = "<group>"; };
		62F74CE81AB138DE005246D4 /* FullScreenView.h */ = {isa = PBXFileReference; fileEncoding = 4; lastKnownFileType = sourcecode.c.h; path = FullScreenView.h; sourceTree = "<group>"; };
		62F74CE91AB138DE005246D4 /* FullScreenView.m */ = {isa = PBXFileReference; fileEncoding = 4; lastKnownFileType = sourcecode.c.objc; path = FullScreenView.m; sourceTree = "<group>"; };
		62F74CED1AB144F2005246D4 /* ArticleViewController.h */ = {isa = PBXFileReference; fileEncoding = 4; lastKnownFileType = sourcecode.c.h; path = ArticleViewController.h; sourceTree = "<group>"; };
		62F74CEE1AB144F2005246D4 /* ArticleViewController.m */ = {isa = PBXFileReference; fileEncoding = 4; lastKnownFileType = sourcecode.c.objc; path = ArticleViewController.m; sourceTree = "<group>"; };
		62F74CF11AB15D7A005246D4 /* S0031182014000948_fig3p.jpeg */ = {isa = PBXFileReference; lastKnownFileType = image.jpeg; path = S0031182014000948_fig3p.jpeg; sourceTree = "<group>"; };
		CF0928591AA9AE750061927C /* archiveswt.png */ = {isa = PBXFileReference; lastKnownFileType = image.png; path = archiveswt.png; sourceTree = "<group>"; };
		CF09285A1AA9AE750061927C /* firstviewwt.png */ = {isa = PBXFileReference; lastKnownFileType = image.png; path = firstviewwt.png; sourceTree = "<group>"; };
		CF09285B1AA9AE750061927C /* latestwt.png */ = {isa = PBXFileReference; lastKnownFileType = image.png; path = latestwt.png; sourceTree = "<group>"; };
		CF09285C1AA9AE750061927C /* Openaccesswt.png */ = {isa = PBXFileReference; lastKnownFileType = image.png; path = Openaccesswt.png; sourceTree = "<group>"; };
		CF0928611AA9B2CF0061927C /* DashboardViewController.h */ = {isa = PBXFileReference; fileEncoding = 4; lastKnownFileType = sourcecode.c.h; name = DashboardViewController.h; path = ../DashboardViewController.h; sourceTree = "<group>"; };
		CF0928621AA9B2CF0061927C /* DashboardViewController.m */ = {isa = PBXFileReference; fileEncoding = 4; lastKnownFileType = sourcecode.c.objc; name = DashboardViewController.m; path = ../DashboardViewController.m; sourceTree = "<group>"; };
		CF09286B1AA9B89F0061927C /* PARASITOLOGY-Logo.png */ = {isa = PBXFileReference; lastKnownFileType = image.png; path = "PARASITOLOGY-Logo.png"; sourceTree = "<group>"; };
		CF09286D1AA9B8AD0061927C /* PARASITOLOGY-Logobk.png */ = {isa = PBXFileReference; lastKnownFileType = image.png; path = "PARASITOLOGY-Logobk.png"; sourceTree = "<group>"; };
		CF374E441AAEEAEC00C8CE89 /* issuecover1.jpg */ = {isa = PBXFileReference; lastKnownFileType = image.jpeg; path = issuecover1.jpg; sourceTree = "<group>"; };
		CF374E451AAEEAEC00C8CE89 /* issuecover2.jpg */ = {isa = PBXFileReference; lastKnownFileType = image.jpeg; path = issuecover2.jpg; sourceTree = "<group>"; };
		CF374E461AAEEAEC00C8CE89 /* issuecover3.jpg */ = {isa = PBXFileReference; lastKnownFileType = image.jpeg; path = issuecover3.jpg; sourceTree = "<group>"; };
		CF374E471AAEEAEC00C8CE89 /* issuecover4.jpg */ = {isa = PBXFileReference; lastKnownFileType = image.jpeg; path = issuecover4.jpg; sourceTree = "<group>"; };
		CF374E481AAEEAEC00C8CE89 /* issuecover5.jpg */ = {isa = PBXFileReference; lastKnownFileType = image.jpeg; path = issuecover5.jpg; sourceTree = "<group>"; };
		CF75FD711AAD75CB00BBB79D /* VolumeCover.xib */ = {isa = PBXFileReference; fileEncoding = 4; lastKnownFileType = file.xib; path = VolumeCover.xib; sourceTree = "<group>"; };
		CF8EB25A1AB1308100C89BC9 /* ParseFacebookUtils.framework */ = {isa = PBXFileReference; lastKnownFileType = wrapper.framework; path = ParseFacebookUtils.framework; sourceTree = "<group>"; };
		CF8EB25C1AB1318800C89BC9 /* GoogleOpenSource.framework */ = {isa = PBXFileReference; lastKnownFileType = wrapper.framework; path = GoogleOpenSource.framework; sourceTree = "<group>"; };
		CF8EB25D1AB1318800C89BC9 /* GooglePlus.bundle */ = {isa = PBXFileReference; lastKnownFileType = "wrapper.plug-in"; path = GooglePlus.bundle; sourceTree = "<group>"; };
		CF8EB25E1AB1318800C89BC9 /* GooglePlus.framework */ = {isa = PBXFileReference; lastKnownFileType = wrapper.framework; path = GooglePlus.framework; sourceTree = "<group>"; };
		CFC402771AAC86930094ED83 /* IssueCover.h */ = {isa = PBXFileReference; fileEncoding = 4; lastKnownFileType = sourcecode.c.h; path = IssueCover.h; sourceTree = "<group>"; };
		CFC402781AAC86930094ED83 /* IssueCover.m */ = {isa = PBXFileReference; fileEncoding = 4; lastKnownFileType = sourcecode.c.objc; path = IssueCover.m; sourceTree = "<group>"; };
		CFC7628B1AAD49B30072B1D6 /* VolumeTableViewCell.xib */ = {isa = PBXFileReference; fileEncoding = 4; lastKnownFileType = file.xib; path = VolumeTableViewCell.xib; sourceTree = "<group>"; };
		CFC7628D1AAD4A950072B1D6 /* VolumeTableViewCell.h */ = {isa = PBXFileReference; fileEncoding = 4; lastKnownFileType = sourcecode.c.h; path = VolumeTableViewCell.h; sourceTree = "<group>"; };
		CFC7628E1AAD4A950072B1D6 /* VolumeTableViewCell.m */ = {isa = PBXFileReference; fileEncoding = 4; lastKnownFileType = sourcecode.c.objc; path = VolumeTableViewCell.m; sourceTree = "<group>"; };
		CFC762901AAD4B4E0072B1D6 /* VolumeTableView.h */ = {isa = PBXFileReference; fileEncoding = 4; lastKnownFileType = sourcecode.c.h; path = VolumeTableView.h; sourceTree = "<group>"; };
		CFC762911AAD4B4E0072B1D6 /* VolumeTableView.m */ = {isa = PBXFileReference; fileEncoding = 4; lastKnownFileType = sourcecode.c.objc; path = VolumeTableView.m; sourceTree = "<group>"; };
		E6EF7BD031B2C06712F315A5 /* Pods-Scalable Tablet PAR.release.xcconfig */ = {isa = PBXFileReference; includeInIndex = 1; lastKnownFileType = text.xcconfig; name = "Pods-Scalable Tablet PAR.release.xcconfig"; path = "Pods/Target Support Files/Pods-Scalable Tablet PAR/Pods-Scalable Tablet PAR.release.xcconfig"; sourceTree = "<group>"; };
		F62826D23762D189CEF141DE /* Pods-Scalable Tablet PAR.debug.xcconfig */ = {isa = PBXFileReference; includeInIndex = 1; lastKnownFileType = text.xcconfig; name = "Pods-Scalable Tablet PAR.debug.xcconfig"; path = "Pods/Target Support Files/Pods-Scalable Tablet PAR/Pods-Scalable Tablet PAR.debug.xcconfig"; sourceTree = "<group>"; };
		FD0FE1921AAEE80700A24886 /* facebookbut.png */ = {isa = PBXFileReference; lastKnownFileType = image.png; path = facebookbut.png; sourceTree = "<group>"; };
		FD0FE1931AAEE80700A24886 /* googlebut.png */ = {isa = PBXFileReference; lastKnownFileType = image.png; path = googlebut.png; sourceTree = "<group>"; };
		FD0FE1941AAEE80700A24886 /* twitterbut.png */ = {isa = PBXFileReference; lastKnownFileType = image.png; path = twitterbut.png; sourceTree = "<group>"; };
		FD0FE1981AAEE86000A24886 /* bgclean.jpg */ = {isa = PBXFileReference; lastKnownFileType = image.jpeg; path = bgclean.jpg; sourceTree = "<group>"; };
		FD13CC061AAEDCAA0090E565 /* registrationbg.jpg */ = {isa = PBXFileReference; lastKnownFileType = image.jpeg; path = registrationbg.jpg; sourceTree = "<group>"; };
		FD38C2531AB175DF00066F61 /* 1.jpg */ = {isa = PBXFileReference; lastKnownFileType = image.jpeg; path = 1.jpg; sourceTree = "<group>"; };
		FD38C2541AB175DF00066F61 /* 2.jpg */ = {isa = PBXFileReference; lastKnownFileType = image.jpeg; path = 2.jpg; sourceTree = "<group>"; };
		FD38C2551AB175DF00066F61 /* 3.jpg */ = {isa = PBXFileReference; lastKnownFileType = image.jpeg; path = 3.jpg; sourceTree = "<group>"; };
		FD38C2561AB175DF00066F61 /* 4.jpg */ = {isa = PBXFileReference; lastKnownFileType = image.jpeg; path = 4.jpg; sourceTree = "<group>"; };
		FD38C2571AB175DF00066F61 /* 5.jpg */ = {isa = PBXFileReference; lastKnownFileType = image.jpeg; path = 5.jpg; sourceTree = "<group>"; };
		FD38C2581AB175DF00066F61 /* 6.jpg */ = {isa = PBXFileReference; lastKnownFileType = image.jpeg; path = 6.jpg; sourceTree = "<group>"; };
		FD38C2591AB175DF00066F61 /* 7.jpg */ = {isa = PBXFileReference; lastKnownFileType = image.jpeg; path = 7.jpg; sourceTree = "<group>"; };
		FD38C25A1AB175DF00066F61 /* 8.jpg */ = {isa = PBXFileReference; lastKnownFileType = image.jpeg; path = 8.jpg; sourceTree = "<group>"; };
		FD38C25B1AB175DF00066F61 /* 9.jpg */ = {isa = PBXFileReference; lastKnownFileType = image.jpeg; path = 9.jpg; sourceTree = "<group>"; };
		FD38C25C1AB175DF00066F61 /* 10.jpg */ = {isa = PBXFileReference; lastKnownFileType = image.jpeg; path = 10.jpg; sourceTree = "<group>"; };
		FDA0E9B41AAD948900E9C476 /* Journal.h */ = {isa = PBXFileReference; fileEncoding = 4; lastKnownFileType = sourcecode.c.h; path = Journal.h; sourceTree = "<group>"; };
		FDA0E9B51AAD948900E9C476 /* Journal.m */ = {isa = PBXFileReference; fileEncoding = 4; lastKnownFileType = sourcecode.c.objc; path = Journal.m; sourceTree = "<group>"; };
		FDA0E9B71AAD949400E9C476 /* Volume.h */ = {isa = PBXFileReference; fileEncoding = 4; lastKnownFileType = sourcecode.c.h; path = Volume.h; sourceTree = "<group>"; };
		FDA0E9B81AAD949400E9C476 /* Volume.m */ = {isa = PBXFileReference; fileEncoding = 4; lastKnownFileType = sourcecode.c.objc; path = Volume.m; sourceTree = "<group>"; };
		FDA0E9BA1AAD949C00E9C476 /* Issue.h */ = {isa = PBXFileReference; fileEncoding = 4; lastKnownFileType = sourcecode.c.h; path = Issue.h; sourceTree = "<group>"; };
		FDA0E9BB1AAD949C00E9C476 /* Issue.m */ = {isa = PBXFileReference; fileEncoding = 4; lastKnownFileType = sourcecode.c.objc; path = Issue.m; sourceTree = "<group>"; };
		FDA0E9BD1AAD94A500E9C476 /* Article.h */ = {isa = PBXFileReference; fileEncoding = 4; lastKnownFileType = sourcecode.c.h; path = Article.h; sourceTree = "<group>"; };
		FDA0E9BE1AAD94A500E9C476 /* Article.m */ = {isa = PBXFileReference; fileEncoding = 4; lastKnownFileType = sourcecode.c.objc; path = Article.m; sourceTree = "<group>"; };
		FDA0E9BF1AAD94A500E9C476 /* ArticleType.h */ = {isa = PBXFileReference; fileEncoding = 4; lastKnownFileType = sourcecode.c.h; path = ArticleType.h; sourceTree = "<group>"; };
		FDA0E9C01AAD94A500E9C476 /* ArticleType.m */ = {isa = PBXFileReference; fileEncoding = 4; lastKnownFileType = sourcecode.c.objc; path = ArticleType.m; sourceTree = "<group>"; };
		FDA0E9C11AAD94A500E9C476 /* Author.h */ = {isa = PBXFileReference; fileEncoding = 4; lastKnownFileType = sourcecode.c.h; path = Author.h; sourceTree = "<group>"; };
		FDA0E9C21AAD94A500E9C476 /* Author.m */ = {isa = PBXFileReference; fileEncoding = 4; lastKnownFileType = sourcecode.c.objc; path = Author.m; sourceTree = "<group>"; };
		FDAC90D11AAD9CEB00948813 /* LoginViewController.h */ = {isa = PBXFileReference; fileEncoding = 4; lastKnownFileType = sourcecode.c.h; path = LoginViewController.h; sourceTree = "<group>"; };
		FDAC90D21AAD9CEB00948813 /* LoginViewController.m */ = {isa = PBXFileReference; fileEncoding = 4; lastKnownFileType = sourcecode.c.objc; path = LoginViewController.m; sourceTree = "<group>"; };
		FDCACB671AADA6360045F7E5 /* RegisterViewController.h */ = {isa = PBXFileReference; fileEncoding = 4; lastKnownFileType = sourcecode.c.h; path = RegisterViewController.h; sourceTree = "<group>"; };
		FDCACB681AADA6360045F7E5 /* RegisterViewController.m */ = {isa = PBXFileReference; fileEncoding = 4; lastKnownFileType = sourcecode.c.objc; path = RegisterViewController.m; sourceTree = "<group>"; };
		FDF91F501AB005B900CD992A /* Accounts.framework */ = {isa = PBXFileReference; lastKnownFileType = wrapper.framework; name = Accounts.framework; path = System/Library/Frameworks/Accounts.framework; sourceTree = SDKROOT; };
		FDF91F521AB005BE00CD992A /* Social.framework */ = {isa = PBXFileReference; lastKnownFileType = wrapper.framework; name = Social.framework; path = System/Library/Frameworks/Social.framework; sourceTree = SDKROOT; };
		FDF91F541AB00B2200CD992A /* AddressBook.framework */ = {isa = PBXFileReference; lastKnownFileType = wrapper.framework; name = AddressBook.framework; path = System/Library/Frameworks/AddressBook.framework; sourceTree = SDKROOT; };
		FDF91F561AB00B2800CD992A /* AssetsLibrary.framework */ = {isa = PBXFileReference; lastKnownFileType = wrapper.framework; name = AssetsLibrary.framework; path = System/Library/Frameworks/AssetsLibrary.framework; sourceTree = SDKROOT; };
		FDF91F581AB00B3500CD992A /* Foundation.framework */ = {isa = PBXFileReference; lastKnownFileType = wrapper.framework; name = Foundation.framework; path = System/Library/Frameworks/Foundation.framework; sourceTree = SDKROOT; };
		FDF91F5A1AB00B3F00CD992A /* CoreLocation.framework */ = {isa = PBXFileReference; lastKnownFileType = wrapper.framework; name = CoreLocation.framework; path = System/Library/Frameworks/CoreLocation.framework; sourceTree = SDKROOT; };
		FDF91F5C1AB00B4600CD992A /* CoreMotion.framework */ = {isa = PBXFileReference; lastKnownFileType = wrapper.framework; name = CoreMotion.framework; path = System/Library/Frameworks/CoreMotion.framework; sourceTree = SDKROOT; };
		FDF91F5E1AB00B4C00CD992A /* CoreGraphics.framework */ = {isa = PBXFileReference; lastKnownFileType = wrapper.framework; name = CoreGraphics.framework; path = System/Library/Frameworks/CoreGraphics.framework; sourceTree = SDKROOT; };
		FDF91F601AB00B5100CD992A /* CoreText.framework */ = {isa = PBXFileReference; lastKnownFileType = wrapper.framework; name = CoreText.framework; path = System/Library/Frameworks/CoreText.framework; sourceTree = SDKROOT; };
		FDF91F621AB00B5800CD992A /* MediaPlayer.framework */ = {isa = PBXFileReference; lastKnownFileType = wrapper.framework; name = MediaPlayer.framework; path = System/Library/Frameworks/MediaPlayer.framework; sourceTree = SDKROOT; };
		FDF91F641AB00B5E00CD992A /* Security.framework */ = {isa = PBXFileReference; lastKnownFileType = wrapper.framework; name = Security.framework; path = System/Library/Frameworks/Security.framework; sourceTree = SDKROOT; };
		FDF91F661AB00B6500CD992A /* SystemConfiguration.framework */ = {isa = PBXFileReference; lastKnownFileType = wrapper.framework; name = SystemConfiguration.framework; path = System/Library/Frameworks/SystemConfiguration.framework; sourceTree = SDKROOT; };
		FDF91F681AB00B6B00CD992A /* UIKit.framework */ = {isa = PBXFileReference; lastKnownFileType = wrapper.framework; name = UIKit.framework; path = System/Library/Frameworks/UIKit.framework; sourceTree = SDKROOT; };
		FDF9238A1AB00E2700CD992A /* libPods-Scalable Tablet PAR.a */ = {isa = PBXFileReference; lastKnownFileType = archive.ar; name = "libPods-Scalable Tablet PAR.a"; path = "Pods/build/Debug-iphoneos/libPods-Scalable Tablet PAR.a"; sourceTree = "<group>"; };
/* End PBXFileReference section */

/* Begin PBXFrameworksBuildPhase section */
		62C4A5A11A97126F00F70F6D /* Frameworks */ = {
			isa = PBXFrameworksBuildPhase;
			buildActionMask = 2147483647;
			files = (
				CF8EB25F1AB1318800C89BC9 /* GoogleOpenSource.framework in Frameworks */,
				FDF923991AB00EB500CD992A /* AddressBook.framework in Frameworks */,
				CF8EB2611AB1318800C89BC9 /* GooglePlus.framework in Frameworks */,
				CF8EB25B1AB1308100C89BC9 /* ParseFacebookUtils.framework in Frameworks */,
				FDF923981AB00EB100CD992A /* AssetsLibrary.framework in Frameworks */,
				FDF923971AB00EAB00CD992A /* Foundation.framework in Frameworks */,
				FDF923961AB00E9C00CD992A /* CoreLocation.framework in Frameworks */,
				FDF923951AB00E9500CD992A /* CoreMotion.framework in Frameworks */,
				FDF923941AB00E8F00CD992A /* CoreGraphics.framework in Frameworks */,
				FDF923931AB00E8900CD992A /* CoreText.framework in Frameworks */,
				FDF923921AB00E8300CD992A /* MediaPlayer.framework in Frameworks */,
				FDF923911AB00E7E00CD992A /* Security.framework in Frameworks */,
				FDF923901AB00E7900CD992A /* SystemConfiguration.framework in Frameworks */,
				FDF9238F1AB00E7300CD992A /* UIKit.framework in Frameworks */,
				FDF9238E1AB00E4B00CD992A /* Social.framework in Frameworks */,
				FDF9238D1AB00E4600CD992A /* Accounts.framework in Frameworks */,
				FDF9238B1AB00E2700CD992A /* libPods-Scalable Tablet PAR.a in Frameworks */,
			);
			runOnlyForDeploymentPostprocessing = 0;
		};
		62C4A5BD1A97126F00F70F6D /* Frameworks */ = {
			isa = PBXFrameworksBuildPhase;
			buildActionMask = 2147483647;
			files = (
			);
			runOnlyForDeploymentPostprocessing = 0;
		};
/* End PBXFrameworksBuildPhase section */

/* Begin PBXGroup section */
		21070DC146E97F2423D8DD3B /* Pods */ = {
			isa = PBXGroup;
			children = (
				F62826D23762D189CEF141DE /* Pods-Scalable Tablet PAR.debug.xcconfig */,
				E6EF7BD031B2C06712F315A5 /* Pods-Scalable Tablet PAR.release.xcconfig */,
			);
			name = Pods;
			sourceTree = "<group>";
		};
		62C00C351A9EC63F00979A05 /* Issue */ = {
			isa = PBXGroup;
			children = (
				62C00C361A9EC66700979A05 /* IssueCover.xib */,
				CFC402771AAC86930094ED83 /* IssueCover.h */,
				CFC402781AAC86930094ED83 /* IssueCover.m */,
			);
			name = Issue;
			sourceTree = "<group>";
		};
		62C14C101AA01F9800ADCE3D /* Volume */ = {
			isa = PBXGroup;
			children = (
				CFC7628B1AAD49B30072B1D6 /* VolumeTableViewCell.xib */,
				CFC7628D1AAD4A950072B1D6 /* VolumeTableViewCell.h */,
				CFC7628E1AAD4A950072B1D6 /* VolumeTableViewCell.m */,
				CFC762901AAD4B4E0072B1D6 /* VolumeTableView.h */,
				CFC762911AAD4B4E0072B1D6 /* VolumeTableView.m */,
			);
			name = Volume;
			sourceTree = "<group>";
		};
		62C4A59B1A97126F00F70F6D = {
			isa = PBXGroup;
			children = (
				6E2122AB047FC8E5765BFFFF /* Frameworks */,
				21070DC146E97F2423D8DD3B /* Pods */,
				62C4A5A51A97126F00F70F6D /* Products */,
				62C4A5A61A97126F00F70F6D /* Scalable Tablet PAR */,
				62C4A5C31A97126F00F70F6D /* Scalable Tablet PARTests */,
			);
			sourceTree = "<group>";
		};
		62C4A5A51A97126F00F70F6D /* Products */ = {
			isa = PBXGroup;
			children = (
				62C4A5A41A97126F00F70F6D /* Scalable Tablet PAR.app */,
				62C4A5C01A97126F00F70F6D /* Scalable Tablet PARTests.xctest */,
			);
			name = Products;
			sourceTree = "<group>";
		};
		62C4A5A61A97126F00F70F6D /* Scalable Tablet PAR */ = {
			isa = PBXGroup;
			children = (
				FDAC90D01AAD9CD400948813 /* Controller */,
				FDA0E9B31AAD947900E9C476 /* Model */,
				62E997851AA4619000D8AD22 /* AFKPageFlipper.h */,
				62E997861AA4619000D8AD22 /* AFKPageFlipper.m */,
				62C4A5AB1A97126F00F70F6D /* AppDelegate.h */,
				62C4A5AC1A97126F00F70F6D /* AppDelegate.m */,
				62C4A5D81A9731C400F70F6D /* Misc.h */,
				62C4A5D91A9731C400F70F6D /* Misc.m */,
				62C4A5B11A97126F00F70F6D /* ViewController.h */,
				62C4A5B21A97126F00F70F6D /* ViewController.m */,
				62C4A5B71A97126F00F70F6D /* Images.xcassets */,
				62E9978E1AA4687500D8AD22 /* ArticleCell.xib */,
				62E9978D1AA4687500D8AD22 /* ArticleCell1x2.xib */,
				62E997911AA4687500D8AD22 /* ArticleCell1x3.xib */,
				62E9978F1AA4687500D8AD22 /* ArticleCell2x1.xib */,
				62E997901AA4687500D8AD22 /* ArticleCell3x1.xib */,
				CF75FD701AAD6F8E00BBB79D /* Archive */,
				62C14C101AA01F9800ADCE3D /* Volume */,
				62C00C351A9EC63F00979A05 /* Issue */,
				62D5F48C1AA80F1400233B5E /* Article */,
				62C4A5B91A97126F00F70F6D /* LaunchScreen.xib */,
				62C4A5B41A97126F00F70F6D /* Main.storyboard */,
				62C4A5AE1A97126F00F70F6D /* Scalable_Tablet_PAR.xcdatamodeld */,
				62C4A5A71A97126F00F70F6D /* Supporting Files */,
			);
			path = "Scalable Tablet PAR";
			sourceTree = "<group>";
		};
		62C4A5A71A97126F00F70F6D /* Supporting Files */ = {
			isa = PBXGroup;
			children = (
				62C4A5D01A97137800F70F6D /* images */,
				62C4A5A81A97126F00F70F6D /* Info.plist */,
				62C4A5A91A97126F00F70F6D /* main.m */,
			);
			name = "Supporting Files";
			sourceTree = "<group>";
		};
		62C4A5C31A97126F00F70F6D /* Scalable Tablet PARTests */ = {
			isa = PBXGroup;
			children = (
				62C4A5C61A97127000F70F6D /* Scalable_Tablet_PARTests.m */,
				62C4A5C41A97126F00F70F6D /* Supporting Files */,
			);
			path = "Scalable Tablet PARTests";
			sourceTree = "<group>";
		};
		62C4A5C41A97126F00F70F6D /* Supporting Files */ = {
			isa = PBXGroup;
			children = (
				62C4A5C51A97126F00F70F6D /* Info.plist */,
			);
			name = "Supporting Files";
			sourceTree = "<group>";
		};
		62C4A5D01A97137800F70F6D /* images */ = {
			isa = PBXGroup;
			children = (
				FD38C2531AB175DF00066F61 /* 1.jpg */,
				FD38C2541AB175DF00066F61 /* 2.jpg */,
				FD38C2551AB175DF00066F61 /* 3.jpg */,
				FD38C2561AB175DF00066F61 /* 4.jpg */,
				FD38C2571AB175DF00066F61 /* 5.jpg */,
				FD38C2581AB175DF00066F61 /* 6.jpg */,
				FD38C2591AB175DF00066F61 /* 7.jpg */,
				FD38C25A1AB175DF00066F61 /* 8.jpg */,
				FD38C25B1AB175DF00066F61 /* 9.jpg */,
				FD38C25C1AB175DF00066F61 /* 10.jpg */,
				CF374E441AAEEAEC00C8CE89 /* issuecover1.jpg */,
				CF374E451AAEEAEC00C8CE89 /* issuecover2.jpg */,
				CF374E461AAEEAEC00C8CE89 /* issuecover3.jpg */,
				CF374E471AAEEAEC00C8CE89 /* issuecover4.jpg */,
				CF374E481AAEEAEC00C8CE89 /* issuecover5.jpg */,
				FD0FE1981AAEE86000A24886 /* bgclean.jpg */,
				FD0FE1921AAEE80700A24886 /* facebookbut.png */,
				FD0FE1931AAEE80700A24886 /* googlebut.png */,
				FD0FE1941AAEE80700A24886 /* twitterbut.png */,
				FD13CC061AAEDCAA0090E565 /* registrationbg.jpg */,
				CF09286D1AA9B8AD0061927C /* PARASITOLOGY-Logobk.png */,
				CF09286B1AA9B89F0061927C /* PARASITOLOGY-Logo.png */,
				CF0928591AA9AE750061927C /* archiveswt.png */,
				CF09285A1AA9AE750061927C /* firstviewwt.png */,
				CF09285B1AA9AE750061927C /* latestwt.png */,
				CF09285C1AA9AE750061927C /* Openaccesswt.png */,
				62C4A5D31A97307E00F70F6D /* bgcleangray.jpg */,
				62D5F48D1AA8114000233B5E /* bg-01.png */,
				62C4A5D11A97138200F70F6D /* bg.jpg */,
			);
			name = images;
			sourceTree = "<group>";
		};
		62D5F48C1AA80F1400233B5E /* Article */ = {
			isa = PBXGroup;
			children = (
				62F74CED1AB144F2005246D4 /* ArticleViewController.h */,
				62F74CEE1AB144F2005246D4 /* ArticleViewController.m */,
				62E997841AA460E100D8AD22 /* AggregatorLayoutView.h */,
				62F74CF11AB15D7A005246D4 /* S0031182014000948_fig3p.jpeg */,
				62E997821AA45CD300D8AD22 /* AggregatorLayoutView.m */,
				62E9978C1AA462AA00D8AD22 /* ArticleAggregatorViewController.h */,
				62E9977F1AA45CC400D8AD22 /* ArticleAggregatorViewController.m */,
				62E9978B1AA4629800D8AD22 /* ArticleAggregatorItemView.h */,
				62E997891AA4626600D8AD22 /* ArticleAggregatorItemView.m */,
				62F74CE71AB138DE005246D4 /* FullScreenArticleView.xib */,
				62F74CE81AB138DE005246D4 /* FullScreenView.h */,
				62F74CE91AB138DE005246D4 /* FullScreenView.m */,
			);
			name = Article;
			sourceTree = "<group>";
		};
		6E2122AB047FC8E5765BFFFF /* Frameworks */ = {
			isa = PBXGroup;
			children = (
				CF8EB25A1AB1308100C89BC9 /* ParseFacebookUtils.framework */,
				CF8EB25C1AB1318800C89BC9 /* GoogleOpenSource.framework */,
				CF8EB25D1AB1318800C89BC9 /* GooglePlus.bundle */,
				CF8EB25E1AB1318800C89BC9 /* GooglePlus.framework */,
				FDF9238A1AB00E2700CD992A /* libPods-Scalable Tablet PAR.a */,
				FDF91F681AB00B6B00CD992A /* UIKit.framework */,
				FDF91F661AB00B6500CD992A /* SystemConfiguration.framework */,
				FDF91F641AB00B5E00CD992A /* Security.framework */,
				FDF91F621AB00B5800CD992A /* MediaPlayer.framework */,
				FDF91F601AB00B5100CD992A /* CoreText.framework */,
				FDF91F5E1AB00B4C00CD992A /* CoreGraphics.framework */,
				FDF91F5C1AB00B4600CD992A /* CoreMotion.framework */,
				FDF91F5A1AB00B3F00CD992A /* CoreLocation.framework */,
				FDF91F581AB00B3500CD992A /* Foundation.framework */,
				FDF91F561AB00B2800CD992A /* AssetsLibrary.framework */,
				FDF91F541AB00B2200CD992A /* AddressBook.framework */,
				FDF91F521AB005BE00CD992A /* Social.framework */,
				FDF91F501AB005B900CD992A /* Accounts.framework */,
				3ECF9DCAA398B474677B79CE /* libPods-Scalable Tablet PAR.a */,
			);
			name = Frameworks;
			sourceTree = "<group>";
		};
		CF75FD701AAD6F8E00BBB79D /* Archive */ = {
			isa = PBXGroup;
			children = (
				62C4A5D51A97315C00F70F6D /* VolumeDashboardViewController.h */,
				62C4A5D61A97315C00F70F6D /* VolumeDashboardViewController.m */,
				CF75FD711AAD75CB00BBB79D /* VolumeCover.xib */,
				62C00C381A9EC8A000979A05 /* VolumeCover.h */,
				62C00C391A9EC8A000979A05 /* VolumeCover.m */,
				62C14C111AA01FFF00ADCE3D /* VolumeViewController.h */,
				62C14C121AA01FFF00ADCE3D /* VolumeViewController.m */,
				62C14C141AA0405000ADCE3D /* VolumeCellTableViewCell.h */,
				62C14C151AA0405000ADCE3D /* VolumeCellTableViewCell.m */,
			);
			name = Archive;
			sourceTree = "<group>";
		};
		FDA0E9B31AAD947900E9C476 /* Model */ = {
			isa = PBXGroup;
			children = (
				FDA0E9BD1AAD94A500E9C476 /* Article.h */,
				FDA0E9BE1AAD94A500E9C476 /* Article.m */,
				FDA0E9BF1AAD94A500E9C476 /* ArticleType.h */,
				FDA0E9C01AAD94A500E9C476 /* ArticleType.m */,
				FDA0E9C11AAD94A500E9C476 /* Author.h */,
				FDA0E9C21AAD94A500E9C476 /* Author.m */,
				FDA0E9BA1AAD949C00E9C476 /* Issue.h */,
				FDA0E9BB1AAD949C00E9C476 /* Issue.m */,
				FDA0E9B71AAD949400E9C476 /* Volume.h */,
				FDA0E9B81AAD949400E9C476 /* Volume.m */,
				FDA0E9B41AAD948900E9C476 /* Journal.h */,
				FDA0E9B51AAD948900E9C476 /* Journal.m */,
			);
			name = Model;
			sourceTree = "<group>";
		};
		FDAC90D01AAD9CD400948813 /* Controller */ = {
			isa = PBXGroup;
			children = (
				FDAC90D11AAD9CEB00948813 /* LoginViewController.h */,
				FDAC90D21AAD9CEB00948813 /* LoginViewController.m */,
				FDCACB671AADA6360045F7E5 /* RegisterViewController.h */,
				FDCACB681AADA6360045F7E5 /* RegisterViewController.m */,
				CF0928611AA9B2CF0061927C /* DashboardViewController.h */,
				CF0928621AA9B2CF0061927C /* DashboardViewController.m */,
			);
			name = Controller;
			sourceTree = "<group>";
		};
/* End PBXGroup section */

/* Begin PBXNativeTarget section */
		62C4A5A31A97126F00F70F6D /* Scalable Tablet PAR */ = {
			isa = PBXNativeTarget;
			buildConfigurationList = 62C4A5CA1A97127000F70F6D /* Build configuration list for PBXNativeTarget "Scalable Tablet PAR" */;
			buildPhases = (
				AADD256088815F895A1B2F89 /* Check Pods Manifest.lock */,
				62C4A5A01A97126F00F70F6D /* Sources */,
				62C4A5A11A97126F00F70F6D /* Frameworks */,
				62C4A5A21A97126F00F70F6D /* Resources */,
				00E4810FCF0CF63B57F6D61B /* Copy Pods Resources */,
			);
			buildRules = (
			);
			dependencies = (
			);
			name = "Scalable Tablet PAR";
			productName = "Scalable Tablet PAR";
			productReference = 62C4A5A41A97126F00F70F6D /* Scalable Tablet PAR.app */;
			productType = "com.apple.product-type.application";
		};
		62C4A5BF1A97126F00F70F6D /* Scalable Tablet PARTests */ = {
			isa = PBXNativeTarget;
			buildConfigurationList = 62C4A5CD1A97127000F70F6D /* Build configuration list for PBXNativeTarget "Scalable Tablet PARTests" */;
			buildPhases = (
				62C4A5BC1A97126F00F70F6D /* Sources */,
				62C4A5BD1A97126F00F70F6D /* Frameworks */,
				62C4A5BE1A97126F00F70F6D /* Resources */,
			);
			buildRules = (
			);
			dependencies = (
				62C4A5C21A97126F00F70F6D /* PBXTargetDependency */,
			);
			name = "Scalable Tablet PARTests";
			productName = "Scalable Tablet PARTests";
			productReference = 62C4A5C01A97126F00F70F6D /* Scalable Tablet PARTests.xctest */;
			productType = "com.apple.product-type.bundle.unit-test";
		};
/* End PBXNativeTarget section */

/* Begin PBXProject section */
		62C4A59C1A97126F00F70F6D /* Project object */ = {
			isa = PBXProject;
			attributes = {
				LastUpgradeCheck = 0610;
				ORGANIZATIONNAME = "Cambridge University Press";
				TargetAttributes = {
					62C4A5A31A97126F00F70F6D = {
						CreatedOnToolsVersion = 6.1;
						DevelopmentTeam = TFUSP3V56N;
					};
					62C4A5BF1A97126F00F70F6D = {
						CreatedOnToolsVersion = 6.1;
						TestTargetID = 62C4A5A31A97126F00F70F6D;
					};
				};
			};
			buildConfigurationList = 62C4A59F1A97126F00F70F6D /* Build configuration list for PBXProject "Scalable-Table-PAR" */;
			compatibilityVersion = "Xcode 3.2";
			developmentRegion = English;
			hasScannedForEncodings = 0;
			knownRegions = (
				en,
				Base,
				ar,
				ca,
				cs,
				da,
				de,
				el,
				en_AU,
				en_GB,
				es,
				es_MX,
				fi,
				fr,
				hr,
				hu,
				id,
				it,
				iw,
				ja,
				ko,
				ms,
				nb,
				nl,
				pl,
				pt,
				pt_PT,
				ro,
				ru,
				sk,
				sv,
				th,
				tr,
				uk,
				vi,
				zh_CN,
				zh_TW,
			);
			mainGroup = 62C4A59B1A97126F00F70F6D;
			productRefGroup = 62C4A5A51A97126F00F70F6D /* Products */;
			projectDirPath = "";
			projectRoot = "";
			targets = (
				62C4A5A31A97126F00F70F6D /* Scalable Tablet PAR */,
				62C4A5BF1A97126F00F70F6D /* Scalable Tablet PARTests */,
			);
		};
/* End PBXProject section */

/* Begin PBXResourcesBuildPhase section */
		62C4A5A21A97126F00F70F6D /* Resources */ = {
			isa = PBXResourcesBuildPhase;
			buildActionMask = 2147483647;
			files = (
				62C4A5B61A97126F00F70F6D /* Main.storyboard in Resources */,
				62C4A5BB1A97126F00F70F6D /* LaunchScreen.xib in Resources */,
				FD38C25E1AB175DF00066F61 /* 2.jpg in Resources */,
				CF374E4C1AAEEAEC00C8CE89 /* issuecover4.jpg in Resources */,
				62F74CEA1AB138DE005246D4 /* FullScreenArticleView.xib in Resources */,
				62F74CF21AB15D7A005246D4 /* S0031182014000948_fig3p.jpeg in Resources */,
				62C4A5D21A97138200F70F6D /* bg.jpg in Resources */,
				CF75FD721AAD75CB00BBB79D /* VolumeCover.xib in Resources */,
				62D5F48E1AA8114000233B5E /* bg-01.png in Resources */,
				FD38C2651AB175DF00066F61 /* 9.jpg in Resources */,
				62E997921AA4687500D8AD22 /* ArticleCell1x2.xib in Resources */,
				CF374E4B1AAEEAEC00C8CE89 /* issuecover3.jpg in Resources */,
				CF09286E1AA9B8AD0061927C /* PARASITOLOGY-Logobk.png in Resources */,
				FD0FE1971AAEE80700A24886 /* twitterbut.png in Resources */,
				CFC7628C1AAD49B30072B1D6 /* VolumeTableViewCell.xib in Resources */,
				CF374E4D1AAEEAEC00C8CE89 /* issuecover5.jpg in Resources */,
				FD38C2621AB175DF00066F61 /* 6.jpg in Resources */,
				CF374E491AAEEAEC00C8CE89 /* issuecover1.jpg in Resources */,
				CF0928601AA9AE750061927C /* Openaccesswt.png in Resources */,
				CF374E4A1AAEEAEC00C8CE89 /* issuecover2.jpg in Resources */,
				CF8EB2601AB1318800C89BC9 /* GooglePlus.bundle in Resources */,
				62E997931AA4687500D8AD22 /* ArticleCell.xib in Resources */,
				CF09285F1AA9AE750061927C /* latestwt.png in Resources */,
				FD38C2661AB175DF00066F61 /* 10.jpg in Resources */,
				CF09285E1AA9AE750061927C /* firstviewwt.png in Resources */,
				FD38C25D1AB175DF00066F61 /* 1.jpg in Resources */,
				62E997941AA4687500D8AD22 /* ArticleCell2x1.xib in Resources */,
				62E997961AA4687500D8AD22 /* ArticleCell1x3.xib in Resources */,
				FD0FE1991AAEE86000A24886 /* bgclean.jpg in Resources */,
				FD38C2631AB175DF00066F61 /* 7.jpg in Resources */,
				62C00C371A9EC66700979A05 /* IssueCover.xib in Resources */,
				FD38C25F1AB175DF00066F61 /* 3.jpg in Resources */,
				62E997951AA4687500D8AD22 /* ArticleCell3x1.xib in Resources */,
				CF09285D1AA9AE750061927C /* archiveswt.png in Resources */,
				FD38C2641AB175DF00066F61 /* 8.jpg in Resources */,
				FD38C2601AB175DF00066F61 /* 4.jpg in Resources */,
				62C4A5D41A97307E00F70F6D /* bgcleangray.jpg in Resources */,
				62C4A5B81A97126F00F70F6D /* Images.xcassets in Resources */,
				FD38C2611AB175DF00066F61 /* 5.jpg in Resources */,
				FD0FE1951AAEE80700A24886 /* facebookbut.png in Resources */,
				FD0FE1961AAEE80700A24886 /* googlebut.png in Resources */,
				CF09286C1AA9B89F0061927C /* PARASITOLOGY-Logo.png in Resources */,
				FD13CC071AAEDCAA0090E565 /* registrationbg.jpg in Resources */,
			);
			runOnlyForDeploymentPostprocessing = 0;
		};
		62C4A5BE1A97126F00F70F6D /* Resources */ = {
			isa = PBXResourcesBuildPhase;
			buildActionMask = 2147483647;
			files = (
			);
			runOnlyForDeploymentPostprocessing = 0;
		};
/* End PBXResourcesBuildPhase section */

/* Begin PBXShellScriptBuildPhase section */
		00E4810FCF0CF63B57F6D61B /* Copy Pods Resources */ = {
			isa = PBXShellScriptBuildPhase;
			buildActionMask = 2147483647;
			files = (
			);
			inputPaths = (
			);
			name = "Copy Pods Resources";
			outputPaths = (
			);
			runOnlyForDeploymentPostprocessing = 0;
			shellPath = /bin/sh;
			shellScript = "\"${SRCROOT}/Pods/Target Support Files/Pods-Scalable Tablet PAR/Pods-Scalable Tablet PAR-resources.sh\"\n";
			showEnvVarsInLog = 0;
		};
		AADD256088815F895A1B2F89 /* Check Pods Manifest.lock */ = {
			isa = PBXShellScriptBuildPhase;
			buildActionMask = 2147483647;
			files = (
			);
			inputPaths = (
			);
			name = "Check Pods Manifest.lock";
			outputPaths = (
			);
			runOnlyForDeploymentPostprocessing = 0;
			shellPath = /bin/sh;
			shellScript = "diff \"${PODS_ROOT}/../Podfile.lock\" \"${PODS_ROOT}/Manifest.lock\" > /dev/null\nif [[ $? != 0 ]] ; then\n    cat << EOM\nerror: The sandbox is not in sync with the Podfile.lock. Run 'pod install' or update your CocoaPods installation.\nEOM\n    exit 1\nfi\n";
			showEnvVarsInLog = 0;
		};
/* End PBXShellScriptBuildPhase section */

/* Begin PBXSourcesBuildPhase section */
		62C4A5A01A97126F00F70F6D /* Sources */ = {
			isa = PBXSourcesBuildPhase;
			buildActionMask = 2147483647;
			files = (
				62F74CF01AB14520005246D4 /* ArticleViewController.h in Sources */,
				62F74CEC1AB1391C005246D4 /* FullScreenView.h in Sources */,
				62C14C131AA01FFF00ADCE3D /* VolumeViewController.m in Sources */,
				62F74CEB1AB138DE005246D4 /* FullScreenView.m in Sources */,
				CFC402791AAC86930094ED83 /* IssueCover.m in Sources */,
				FDA0E9C31AAD94A500E9C476 /* Article.m in Sources */,
				62C4A5AD1A97126F00F70F6D /* AppDelegate.m in Sources */,
				62C00C3A1A9EC8A000979A05 /* VolumeCover.m in Sources */,
				62C4A5D71A97315C00F70F6D /* VolumeDashboardViewController.m in Sources */,
				62E9978A1AA4626600D8AD22 /* ArticleAggregatorItemView.m in Sources */,
				62E997871AA4619000D8AD22 /* AFKPageFlipper.m in Sources */,
				FDAC90D31AAD9CEB00948813 /* LoginViewController.m in Sources */,
				FDA0E9BC1AAD949C00E9C476 /* Issue.m in Sources */,
				62E997801AA45CC400D8AD22 /* ArticleAggregatorViewController.m in Sources */,
				62C4A5AA1A97126F00F70F6D /* main.m in Sources */,
				62E997831AA45CD300D8AD22 /* AggregatorLayoutView.m in Sources */,
				62C4A5DA1A9731C400F70F6D /* Misc.m in Sources */,
				62C4A5B31A97126F00F70F6D /* ViewController.m in Sources */,
				62F74CEF1AB144F2005246D4 /* ArticleViewController.m in Sources */,
				FDCACB691AADA6360045F7E5 /* RegisterViewController.m in Sources */,
				CF0928631AA9B2CF0061927C /* DashboardViewController.m in Sources */,
				FDA0E9C51AAD94A500E9C476 /* Author.m in Sources */,
				FDA0E9B61AAD948900E9C476 /* Journal.m in Sources */,
				FDA0E9C41AAD94A500E9C476 /* ArticleType.m in Sources */,
				62C14C161AA0405000ADCE3D /* VolumeCellTableViewCell.m in Sources */,
				FDA0E9B91AAD949400E9C476 /* Volume.m in Sources */,
				CFC762921AAD4B4E0072B1D6 /* VolumeTableView.m in Sources */,
				62C4A5B01A97126F00F70F6D /* Scalable_Tablet_PAR.xcdatamodeld in Sources */,
				CFC7628F1AAD4A950072B1D6 /* VolumeTableViewCell.m in Sources */,
			);
			runOnlyForDeploymentPostprocessing = 0;
		};
		62C4A5BC1A97126F00F70F6D /* Sources */ = {
			isa = PBXSourcesBuildPhase;
			buildActionMask = 2147483647;
			files = (
				62C4A5C71A97127000F70F6D /* Scalable_Tablet_PARTests.m in Sources */,
			);
			runOnlyForDeploymentPostprocessing = 0;
		};
/* End PBXSourcesBuildPhase section */

/* Begin PBXTargetDependency section */
		62C4A5C21A97126F00F70F6D /* PBXTargetDependency */ = {
			isa = PBXTargetDependency;
			target = 62C4A5A31A97126F00F70F6D /* Scalable Tablet PAR */;
			targetProxy = 62C4A5C11A97126F00F70F6D /* PBXContainerItemProxy */;
		};
/* End PBXTargetDependency section */

/* Begin PBXVariantGroup section */
		62C4A5B41A97126F00F70F6D /* Main.storyboard */ = {
			isa = PBXVariantGroup;
			children = (
				62C4A5B51A97126F00F70F6D /* Base */,
			);
			name = Main.storyboard;
			sourceTree = "<group>";
		};
		62C4A5B91A97126F00F70F6D /* LaunchScreen.xib */ = {
			isa = PBXVariantGroup;
			children = (
				62C4A5BA1A97126F00F70F6D /* Base */,
			);
			name = LaunchScreen.xib;
			sourceTree = "<group>";
		};
/* End PBXVariantGroup section */

/* Begin XCBuildConfiguration section */
		62C4A5C81A97127000F70F6D /* Debug */ = {
			isa = XCBuildConfiguration;
			buildSettings = {
				ALWAYS_SEARCH_USER_PATHS = NO;
				CLANG_CXX_LANGUAGE_STANDARD = "gnu++0x";
				CLANG_CXX_LIBRARY = "libc++";
				CLANG_ENABLE_MODULES = YES;
				CLANG_ENABLE_OBJC_ARC = YES;
				CLANG_WARN_BOOL_CONVERSION = YES;
				CLANG_WARN_CONSTANT_CONVERSION = YES;
				CLANG_WARN_DIRECT_OBJC_ISA_USAGE = YES_ERROR;
				CLANG_WARN_EMPTY_BODY = YES;
				CLANG_WARN_ENUM_CONVERSION = YES;
				CLANG_WARN_INT_CONVERSION = YES;
				CLANG_WARN_OBJC_ROOT_CLASS = YES_ERROR;
				CLANG_WARN_UNREACHABLE_CODE = YES;
				CLANG_WARN__DUPLICATE_METHOD_MATCH = YES;
				"CODE_SIGN_IDENTITY[sdk=iphoneos*]" = "iPhone Developer";
				COPY_PHASE_STRIP = NO;
				ENABLE_STRICT_OBJC_MSGSEND = YES;
				GCC_C_LANGUAGE_STANDARD = gnu99;
				GCC_DYNAMIC_NO_PIC = NO;
				GCC_OPTIMIZATION_LEVEL = 0;
				GCC_PREPROCESSOR_DEFINITIONS = (
					"DEBUG=1",
					"$(inherited)",
				);
				GCC_SYMBOLS_PRIVATE_EXTERN = NO;
				GCC_WARN_64_TO_32_BIT_CONVERSION = YES;
				GCC_WARN_ABOUT_RETURN_TYPE = YES_ERROR;
				GCC_WARN_UNDECLARED_SELECTOR = YES;
				GCC_WARN_UNINITIALIZED_AUTOS = YES_AGGRESSIVE;
				GCC_WARN_UNUSED_FUNCTION = YES;
				GCC_WARN_UNUSED_VARIABLE = YES;
				IPHONEOS_DEPLOYMENT_TARGET = 8.1;
				MTL_ENABLE_DEBUG_INFO = YES;
				ONLY_ACTIVE_ARCH = YES;
				OTHER_LDFLAGS = "-ObjC";
				SDKROOT = iphoneos;
				TARGETED_DEVICE_FAMILY = 2;
			};
			name = Debug;
		};
		62C4A5C91A97127000F70F6D /* Release */ = {
			isa = XCBuildConfiguration;
			buildSettings = {
				ALWAYS_SEARCH_USER_PATHS = NO;
				CLANG_CXX_LANGUAGE_STANDARD = "gnu++0x";
				CLANG_CXX_LIBRARY = "libc++";
				CLANG_ENABLE_MODULES = YES;
				CLANG_ENABLE_OBJC_ARC = YES;
				CLANG_WARN_BOOL_CONVERSION = YES;
				CLANG_WARN_CONSTANT_CONVERSION = YES;
				CLANG_WARN_DIRECT_OBJC_ISA_USAGE = YES_ERROR;
				CLANG_WARN_EMPTY_BODY = YES;
				CLANG_WARN_ENUM_CONVERSION = YES;
				CLANG_WARN_INT_CONVERSION = YES;
				CLANG_WARN_OBJC_ROOT_CLASS = YES_ERROR;
				CLANG_WARN_UNREACHABLE_CODE = YES;
				CLANG_WARN__DUPLICATE_METHOD_MATCH = YES;
				"CODE_SIGN_IDENTITY[sdk=iphoneos*]" = "iPhone Developer";
				COPY_PHASE_STRIP = YES;
				ENABLE_NS_ASSERTIONS = NO;
				ENABLE_STRICT_OBJC_MSGSEND = YES;
				GCC_C_LANGUAGE_STANDARD = gnu99;
				GCC_WARN_64_TO_32_BIT_CONVERSION = YES;
				GCC_WARN_ABOUT_RETURN_TYPE = YES_ERROR;
				GCC_WARN_UNDECLARED_SELECTOR = YES;
				GCC_WARN_UNINITIALIZED_AUTOS = YES_AGGRESSIVE;
				GCC_WARN_UNUSED_FUNCTION = YES;
				GCC_WARN_UNUSED_VARIABLE = YES;
				IPHONEOS_DEPLOYMENT_TARGET = 8.1;
				MTL_ENABLE_DEBUG_INFO = NO;
				OTHER_LDFLAGS = "-ObjC";
				SDKROOT = iphoneos;
				TARGETED_DEVICE_FAMILY = 2;
				VALIDATE_PRODUCT = YES;
			};
			name = Release;
		};
		62C4A5CB1A97127000F70F6D /* Debug */ = {
			isa = XCBuildConfiguration;
			baseConfigurationReference = F62826D23762D189CEF141DE /* Pods-Scalable Tablet PAR.debug.xcconfig */;
			buildSettings = {
				ASSETCATALOG_COMPILER_APPICON_NAME = AppIcon;
				CODE_SIGN_IDENTITY = "iPhone Distribution: Cambridge University Press";
				FRAMEWORK_SEARCH_PATHS = (
					"$(inherited)",
					"/Users/jlundang/Downloads/parse-library-1.6.4",
					"/Users/jlundang/Downloads/google-plus-ios-sdk-1.7.1",
					"$(PROJECT_DIR)",
				);
				INFOPLIST_FILE = "Scalable Tablet PAR/Info.plist";
				IPHONEOS_DEPLOYMENT_TARGET = 8.1;
				LD_RUNPATH_SEARCH_PATHS = "$(inherited) @executable_path/Frameworks";
				LIBRARY_SEARCH_PATHS = (
					"$(inherited)",
					"$(PROJECT_DIR)/Pods/build/Debug-iphoneos",
				);
				OTHER_LDFLAGS = (
					"-ObjC",
					"-l\"Pods-Scalable Tablet PAR-AFNetworking\"",
					"-l\"Pods-Scalable Tablet PAR-Bolts\"",
					"-l\"Pods-Scalable Tablet PAR-Facebook-iOS-SDK\"",
					"-l\"Pods-Scalable Tablet PAR-MBProgressHUD\"",
					"-l\"Pods-Scalable Tablet PAR-Parse\"",
					"-l\"sqlite3\"",
					"-l\"z\"",
					"-framework",
					"\"AudioToolbox\"",
					"-framework",
					"\"CFNetwork\"",
					"-framework",
					"\"CoreGraphics\"",
					"-framework",
					"\"CoreLocation\"",
					"-framework",
					"\"MobileCoreServices\"",
					"-framework",
					"\"Parse\"",
					"-framework",
					"\"QuartzCore\"",
					"-framework",
					"\"Security\"",
					"-framework",
					"\"StoreKit\"",
					"-framework",
					"\"SystemConfiguration\"",
					"-weak_framework",
					"\"Accounts\"",
					"-weak_framework",
					"\"AudioToolbox\"",
					"-weak_framework",
					"\"CoreGraphics\"",
					"-weak_framework",
					"\"CoreLocation\"",
					"-weak_framework",
					"\"Foundation\"",
					"-weak_framework",
					"\"QuartzCore\"",
					"-weak_framework",
					"\"Security\"",
					"-weak_framework",
					"\"Social\"",
					"-weak_framework",
					"\"UIKit\"",
				);
				PRODUCT_NAME = "$(TARGET_NAME)";
				PROVISIONING_PROFILE = "9b3dd7ba-f8f1-411f-a2d7-cb8d6ae9f129";
			};
			name = Debug;
		};
		62C4A5CC1A97127000F70F6D /* Release */ = {
			isa = XCBuildConfiguration;
			baseConfigurationReference = E6EF7BD031B2C06712F315A5 /* Pods-Scalable Tablet PAR.release.xcconfig */;
			buildSettings = {
				ASSETCATALOG_COMPILER_APPICON_NAME = AppIcon;
				CODE_SIGN_IDENTITY = "iPhone Distribution: Cambridge University Press";
				FRAMEWORK_SEARCH_PATHS = (
					"$(inherited)",
					"/Users/jlundang/Downloads/parse-library-1.6.4",
					"/Users/jlundang/Downloads/google-plus-ios-sdk-1.7.1",
					"$(PROJECT_DIR)",
				);
				INFOPLIST_FILE = "Scalable Tablet PAR/Info.plist";
				IPHONEOS_DEPLOYMENT_TARGET = 8.1;
				LD_RUNPATH_SEARCH_PATHS = "$(inherited) @executable_path/Frameworks";
				LIBRARY_SEARCH_PATHS = (
					"$(inherited)",
					"$(PROJECT_DIR)/Pods/build/Debug-iphoneos",
				);
				OTHER_LDFLAGS = (
					"-ObjC",
					"-l\"Pods-Scalable Tablet PAR-AFNetworking\"",
					"-l\"Pods-Scalable Tablet PAR-Bolts\"",
					"-l\"Pods-Scalable Tablet PAR-Facebook-iOS-SDK\"",
					"-l\"Pods-Scalable Tablet PAR-MBProgressHUD\"",
					"-l\"Pods-Scalable Tablet PAR-Parse\"",
					"-l\"sqlite3\"",
					"-l\"z\"",
					"-framework",
					"\"AudioToolbox\"",
					"-framework",
					"\"CFNetwork\"",
					"-framework",
					"\"CoreGraphics\"",
					"-framework",
					"\"CoreLocation\"",
					"-framework",
					"\"MobileCoreServices\"",
					"-framework",
					"\"Parse\"",
					"-framework",
					"\"QuartzCore\"",
					"-framework",
					"\"Security\"",
					"-framework",
					"\"StoreKit\"",
					"-framework",
					"\"SystemConfiguration\"",
					"-weak_framework",
					"\"Accounts\"",
					"-weak_framework",
					"\"AudioToolbox\"",
					"-weak_framework",
					"\"CoreGraphics\"",
					"-weak_framework",
					"\"CoreLocation\"",
					"-weak_framework",
					"\"Foundation\"",
					"-weak_framework",
					"\"QuartzCore\"",
					"-weak_framework",
					"\"Security\"",
					"-weak_framework",
					"\"Social\"",
					"-weak_framework",
					"\"UIKit\"",
				);
				PRODUCT_NAME = "$(TARGET_NAME)";
				PROVISIONING_PROFILE = "9b3dd7ba-f8f1-411f-a2d7-cb8d6ae9f129";
			};
			name = Release;
		};
		62C4A5CE1A97127000F70F6D /* Debug */ = {
			isa = XCBuildConfiguration;
			buildSettings = {
				BUNDLE_LOADER = "$(TEST_HOST)";
				FRAMEWORK_SEARCH_PATHS = (
					"$(SDKROOT)/Developer/Library/Frameworks",
					"$(inherited)",
				);
				GCC_PREPROCESSOR_DEFINITIONS = (
					"DEBUG=1",
					"$(inherited)",
				);
				INFOPLIST_FILE = "Scalable Tablet PARTests/Info.plist";
				LD_RUNPATH_SEARCH_PATHS = "$(inherited) @executable_path/Frameworks @loader_path/Frameworks";
				PRODUCT_NAME = "$(TARGET_NAME)";
				TEST_HOST = "$(BUILT_PRODUCTS_DIR)/Scalable Tablet PAR.app/Scalable Tablet PAR";
			};
			name = Debug;
		};
		62C4A5CF1A97127000F70F6D /* Release */ = {
			isa = XCBuildConfiguration;
			buildSettings = {
				BUNDLE_LOADER = "$(TEST_HOST)";
				FRAMEWORK_SEARCH_PATHS = (
					"$(SDKROOT)/Developer/Library/Frameworks",
					"$(inherited)",
				);
				INFOPLIST_FILE = "Scalable Tablet PARTests/Info.plist";
				LD_RUNPATH_SEARCH_PATHS = "$(inherited) @executable_path/Frameworks @loader_path/Frameworks";
				PRODUCT_NAME = "$(TARGET_NAME)";
				TEST_HOST = "$(BUILT_PRODUCTS_DIR)/Scalable Tablet PAR.app/Scalable Tablet PAR";
			};
			name = Release;
		};
/* End XCBuildConfiguration section */

/* Begin XCConfigurationList section */
		62C4A59F1A97126F00F70F6D /* Build configuration list for PBXProject "Scalable-Table-PAR" */ = {
			isa = XCConfigurationList;
			buildConfigurations = (
				62C4A5C81A97127000F70F6D /* Debug */,
				62C4A5C91A97127000F70F6D /* Release */,
			);
			defaultConfigurationIsVisible = 0;
			defaultConfigurationName = Release;
		};
		62C4A5CA1A97127000F70F6D /* Build configuration list for PBXNativeTarget "Scalable Tablet PAR" */ = {
			isa = XCConfigurationList;
			buildConfigurations = (
				62C4A5CB1A97127000F70F6D /* Debug */,
				62C4A5CC1A97127000F70F6D /* Release */,
			);
			defaultConfigurationIsVisible = 0;
			defaultConfigurationName = Release;
		};
		62C4A5CD1A97127000F70F6D /* Build configuration list for PBXNativeTarget "Scalable Tablet PARTests" */ = {
			isa = XCConfigurationList;
			buildConfigurations = (
				62C4A5CE1A97127000F70F6D /* Debug */,
				62C4A5CF1A97127000F70F6D /* Release */,
			);
			defaultConfigurationIsVisible = 0;
			defaultConfigurationName = Release;
		};
/* End XCConfigurationList section */

/* Begin XCVersionGroup section */
		62C4A5AE1A97126F00F70F6D /* Scalable_Tablet_PAR.xcdatamodeld */ = {
			isa = XCVersionGroup;
			children = (
				62C4A5AF1A97126F00F70F6D /* Scalable_Tablet_PAR.xcdatamodel */,
			);
			currentVersion = 62C4A5AF1A97126F00F70F6D /* Scalable_Tablet_PAR.xcdatamodel */;
			path = Scalable_Tablet_PAR.xcdatamodeld;
			sourceTree = "<group>";
			versionGroupType = wrapper.xcdatamodel;
		};
/* End XCVersionGroup section */
	};
	rootObject = 62C4A59C1A97126F00F70F6D /* Project object */;
}
